{
  "format_version": "0.1",
  "terraform_version": "0.14.4",
  "planned_values": {
    "root_module": {
      "resources": [
        {
          "address": "aws_instance.nano_count_2[0]",
          "mode": "managed",
          "type": "aws_instance",
          "name": "nano_count_2",
          "index": 0,
          "provider_name": "registry.terraform.io/hashicorp/aws",
          "schema_version": 1,
          "values": {
            "ami": "ami-0744c1fc56cc1c3e6",
            "credit_specification": [ ],
            "disable_api_termination": null,
            "ebs_optimized": null,
            "get_password_data": false,
            "hibernation": null,
            "iam_instance_profile": null,
            "instance_initiated_shutdown_behavior": null,
            "instance_type": "t3.nano",
            "monitoring": null,
            "source_dest_check": true,
            "subnet_id": "subnet-6fe3d837",
            "tags": null,
            "timeouts": null,
            "user_data": null,
            "user_data_base64": null
          }
        },
        {
          "address": "aws_instance.nano_count_2[1]",
          "mode": "managed",
          "type": "aws_instance",
          "name": "nano_count_2",
          "index": 1,
          "provider_name": "registry.terraform.io/hashicorp/aws",
          "schema_version": 1,
          "values": {
            "ami": "ami-0744c1fc56cc1c3e6",
            "credit_specification": [ ],
            "disable_api_termination": null,
            "ebs_optimized": null,
            "get_password_data": false,
            "hibernation": null,
            "iam_instance_profile": null,
            "instance_initiated_shutdown_behavior": null,
            "instance_type": "t3.nano",
            "monitoring": null,
            "source_dest_check": true,
            "subnet_id": "subnet-6fe3d837",
            "tags": null,
            "timeouts": null,
            "user_data": null,
            "user_data_base64": null
          }
        },
        {
          "address": "aws_instance.small_for_each_fixed[\"key1\"]",
          "mode": "managed",
          "type": "aws_instance",
          "name": "small_for_each_fixed",
          "index": "key1",
          "provider_name": "registry.terraform.io/hashicorp/aws",
          "schema_version": 1,
          "values": {
            "ami": "ami-0744c1fc56cc1c3e6",
            "credit_specification": [ ],
            "disable_api_termination": null,
            "ebs_optimized": null,
            "get_password_data": false,
            "hibernation": null,
            "iam_instance_profile": null,
            "instance_initiated_shutdown_behavior": null,
            "instance_type": "t3.small",
            "monitoring": null,
            "source_dest_check": true,
            "subnet_id": "subnet-6fe3d837",
            "tags": {
              "Name": "value1"
            },
            "timeouts": null,
            "user_data": null,
            "user_data_base64": null
          }
        },
        {
          "address": "aws_instance.small_for_each_fixed[\"key2\"]",
          "mode": "managed",
          "type": "aws_instance",
          "name": "small_for_each_fixed",
          "index": "key2",
          "provider_name": "registry.terraform.io/hashicorp/aws",
          "schema_version": 1,
          "values": {
            "ami": "ami-0744c1fc56cc1c3e6",
            "credit_specification": [ ],
            "disable_api_termination": null,
            "ebs_optimized": null,
            "get_password_data": false,
            "hibernation": null,
            "iam_instance_profile": null,
            "instance_initiated_shutdown_behavior": null,
            "instance_type": "t3.small",
            "monitoring": null,
            "source_dest_check": true,
            "subnet_id": "subnet-6fe3d837",
            "tags": {
              "Name": "value2"
            },
            "timeouts": null,
            "user_data": null,
            "user_data_base64": null
          }
        },
        {
          "address": "aws_instance.small_no_count",
          "mode": "managed",
          "type": "aws_instance",
          "name": "small_no_count",
          "provider_name": "registry.terraform.io/hashicorp/aws",
          "schema_version": 1,
          "values": {
            "ami": "ami-0744c1fc56cc1c3e6",
            "credit_specification": [ ],
            "disable_api_termination": null,
            "ebs_optimized": null,
            "get_password_data": false,
            "hibernation": null,
            "iam_instance_profile": null,
            "instance_initiated_shutdown_behavior": null,
            "instance_type": "t3.small",
            "monitoring": null,
            "source_dest_check": true,
            "tags": null,
            "timeouts": null,
            "user_data": null,
            "user_data_base64": null
          }
        }
      ],
      "child_modules": [
        {
          "resources": [
            {
              "address": "module.instance_count_2.aws_instance.this[0]",
              "mode": "managed",
              "type": "aws_instance",
              "name": "this",
              "index": 0,
              "provider_name": "registry.terraform.io/hashicorp/aws",
              "schema_version": 1,
              "values": {
                "ami": "ami-0744c1fc56cc1c3e6",
                "credit_specification": [
                  {
                    "cpu_credits": "standard"
                  }
                ],
                "disable_api_termination": false,
                "ebs_optimized": false,
                "get_password_data": false,
                "hibernation": null,
                "iam_instance_profile": "",
                "instance_initiated_shutdown_behavior": "",
                "instance_type": "t2.micro",
                "monitoring": false,
                "root_block_device": [
                  {
                    "delete_on_termination": true,
                    "volume_size": 10,
                    "volume_type": "gp2"
                  }
                ],
                "source_dest_check": true,
                "subnet_id": "subnet-6fe3d837",
                "tags": {
                  "Name": "instance_count_-1"
                },
                "tenancy": "default",
                "timeouts": null,
                "user_data": null,
                "user_data_base64": null,
                "volume_tags": {
                  "Name": "instance_count_-1"
                }
              }
            },
            {
              "address": "module.instance_count_2.aws_instance.this[1]",
              "mode": "managed",
              "type": "aws_instance",
              "name": "this",
              "index": 1,
              "provider_name": "registry.terraform.io/hashicorp/aws",
              "schema_version": 1,
              "values": {
                "ami": "ami-0744c1fc56cc1c3e6",
                "credit_specification": [
                  {
                    "cpu_credits": "standard"
                  }
                ],
                "disable_api_termination": false,
                "ebs_optimized": false,
                "get_password_data": false,
                "hibernation": null,
                "iam_instance_profile": "",
                "instance_initiated_shutdown_behavior": "",
                "instance_type": "t2.micro",
                "monitoring": false,
                "root_block_device": [
                  {
                    "delete_on_termination": true,
                    "volume_size": 10,
                    "volume_type": "gp2"
                  }
                ],
                "source_dest_check": true,
                "subnet_id": "subnet-6fe3d837",
                "tags": {
                  "Name": "instance_count_-2"
                },
                "tenancy": "default",
                "timeouts": null,
                "user_data": null,
                "user_data_base64": null,
                "volume_tags": {
                  "Name": "instance_count_-2"
                }
              }
            }
          ],
          "address": "module.instance_count_2"
        },
        {
          "resources": [
            {
              "address": "module.module_count_2[0].aws_instance.this[0]",
              "mode": "managed",
              "type": "aws_instance",
              "name": "this",
              "index": 0,
              "provider_name": "registry.terraform.io/hashicorp/aws",
              "schema_version": 1,
              "values": {
                "ami": "ami-0744c1fc56cc1c3e6",
                "credit_specification": [
                  {
                    "cpu_credits": "standard"
                  }
                ],
                "disable_api_termination": false,
                "ebs_optimized": false,
                "get_password_data": false,
                "hibernation": null,
                "iam_instance_profile": "",
                "instance_initiated_shutdown_behavior": "",
                "instance_type": "t2.nano",
                "monitoring": false,
                "source_dest_check": true,
                "subnet_id": "subnet-6fe3d837",
                "tags": {
                  "Name": "module_count_"
                },
                "tenancy": "default",
                "timeouts": null,
                "user_data": null,
                "user_data_base64": null,
                "volume_tags": {
                  "Name": "module_count_"
                }
              }
            }
          ],
          "address": "module.module_count_2[0]"
        },
        {
          "resources": [
            {
              "address": "module.module_count_2[1].aws_instance.this[0]",
              "mode": "managed",
              "type": "aws_instance",
              "name": "this",
              "index": 0,
              "provider_name": "registry.terraform.io/hashicorp/aws",
              "schema_version": 1,
              "values": {
                "ami": "ami-0744c1fc56cc1c3e6",
                "credit_specification": [
                  {
                    "cpu_credits": "standard"
                  }
                ],
                "disable_api_termination": false,
                "ebs_optimized": false,
                "get_password_data": false,
                "hibernation": null,
                "iam_instance_profile": "",
                "instance_initiated_shutdown_behavior": "",
                "instance_type": "t2.nano",
                "monitoring": false,
                "source_dest_check": true,
                "subnet_id": "subnet-6fe3d837",
                "tags": {
                  "Name": "module_count_"
                },
                "tenancy": "default",
                "timeouts": null,
                "user_data": null,
                "user_data_base64": null,
                "volume_tags": {
                  "Name": "module_count_"
                }
              }
            }
          ],
          "address": "module.module_count_2[1]"
        }
      ]
    }
  },
  "resource_changes": [
    {
      "address": "aws_instance.nano_count_2[0]",
      "mode": "managed",
      "type": "aws_instance",
      "name": "nano_count_2",
      "index": 0,
      "provider_name": "registry.terraform.io/hashicorp/aws",
      "change": {
        "actions": [
          "create"
        ],
        "before": null,
        "after": {
          "ami": "ami-0744c1fc56cc1c3e6",
          "credit_specification": [ ],
          "disable_api_termination": null,
          "ebs_optimized": null,
          "get_password_data": false,
          "hibernation": null,
          "iam_instance_profile": null,
          "instance_initiated_shutdown_behavior": null,
          "instance_type": "t3.nano",
          "monitoring": null,
          "source_dest_check": true,
          "subnet_id": "subnet-6fe3d837",
          "tags": null,
          "timeouts": null,
          "user_data": null,
          "user_data_base64": null
        },
        "after_unknown": {
          "arn": true,
          "associate_public_ip_address": true,
          "availability_zone": true,
          "cpu_core_count": true,
          "cpu_threads_per_core": true,
          "credit_specification": [ ],
          "ebs_block_device": true,
          "enclave_options": true,
          "ephemeral_block_device": true,
          "host_id": true,
          "id": true,
          "instance_state": true,
          "ipv6_address_count": true,
          "ipv6_addresses": true,
          "key_name": true,
          "metadata_options": true,
          "network_interface": true,
          "outpost_arn": true,
          "password_data": true,
          "placement_group": true,
          "primary_network_interface_id": true,
          "private_dns": true,
          "private_ip": true,
          "public_dns": true,
          "public_ip": true,
          "root_block_device": true,
          "secondary_private_ips": true,
          "security_groups": true,
          "tenancy": true,
          "volume_tags": true,
          "vpc_security_group_ids": true
        }
      }
    },
    {
      "address": "aws_instance.nano_count_2[1]",
      "mode": "managed",
      "type": "aws_instance",
      "name": "nano_count_2",
      "index": 1,
      "provider_name": "registry.terraform.io/hashicorp/aws",
      "change": {
        "actions": [
          "create"
        ],
        "before": null,
        "after": {
          "ami": "ami-0744c1fc56cc1c3e6",
          "credit_specification": [ ],
          "disable_api_termination": null,
          "ebs_optimized": null,
          "get_password_data": false,
          "hibernation": null,
          "iam_instance_profile": null,
          "instance_initiated_shutdown_behavior": null,
          "instance_type": "t3.nano",
          "monitoring": null,
          "source_dest_check": true,
          "subnet_id": "subnet-6fe3d837",
          "tags": null,
          "timeouts": null,
          "user_data": null,
          "user_data_base64": null
        },
        "after_unknown": {
          "arn": true,
          "associate_public_ip_address": true,
          "availability_zone": true,
          "cpu_core_count": true,
          "cpu_threads_per_core": true,
          "credit_specification": [ ],
          "ebs_block_device": true,
          "enclave_options": true,
          "ephemeral_block_device": true,
          "host_id": true,
          "id": true,
          "instance_state": true,
          "ipv6_address_count": true,
          "ipv6_addresses": true,
          "key_name": true,
          "metadata_options": true,
          "network_interface": true,
          "outpost_arn": true,
          "password_data": true,
          "placement_group": true,
          "primary_network_interface_id": true,
          "private_dns": true,
          "private_ip": true,
          "public_dns": true,
          "public_ip": true,
          "root_block_device": true,
          "secondary_private_ips": true,
          "security_groups": true,
          "tenancy": true,
          "volume_tags": true,
          "vpc_security_group_ids": true
        }
      }
    },
    {
      "address": "aws_instance.small_for_each_fixed[\"key1\"]",
      "mode": "managed",
      "type": "aws_instance",
      "name": "small_for_each_fixed",
      "index": "key1",
      "provider_name": "registry.terraform.io/hashicorp/aws",
      "change": {
        "actions": [
          "create"
        ],
        "before": null,
        "after": {
          "ami": "ami-0744c1fc56cc1c3e6",
          "credit_specification": [ ],
          "disable_api_termination": null,
          "ebs_optimized": null,
          "get_password_data": false,
          "hibernation": null,
          "iam_instance_profile": null,
          "instance_initiated_shutdown_behavior": null,
          "instance_type": "t3.small",
          "monitoring": null,
          "source_dest_check": true,
          "subnet_id": "subnet-6fe3d837",
          "tags": {
            "Name": "value1"
          },
          "timeouts": null,
          "user_data": null,
          "user_data_base64": null
        },
        "after_unknown": {
          "arn": true,
          "associate_public_ip_address": true,
          "availability_zone": true,
          "cpu_core_count": true,
          "cpu_threads_per_core": true,
          "credit_specification": [ ],
          "ebs_block_device": true,
          "enclave_options": true,
          "ephemeral_block_device": true,
          "host_id": true,
          "id": true,
          "instance_state": true,
          "ipv6_address_count": true,
          "ipv6_addresses": true,
          "key_name": true,
          "metadata_options": true,
          "network_interface": true,
          "outpost_arn": true,
          "password_data": true,
          "placement_group": true,
          "primary_network_interface_id": true,
          "private_dns": true,
          "private_ip": true,
          "public_dns": true,
          "public_ip": true,
          "root_block_device": true,
          "secondary_private_ips": true,
          "security_groups": true,
          "tags": { },
          "tenancy": true,
          "volume_tags": true,
          "vpc_security_group_ids": true
        }
      }
    },
    {
      "address": "aws_instance.small_for_each_fixed[\"key2\"]",
      "mode": "managed",
      "type": "aws_instance",
      "name": "small_for_each_fixed",
      "index": "key2",
      "provider_name": "registry.terraform.io/hashicorp/aws",
      "change": {
        "actions": [
          "create"
        ],
        "before": null,
        "after": {
          "ami": "ami-0744c1fc56cc1c3e6",
          "credit_specification": [ ],
          "disable_api_termination": null,
          "ebs_optimized": null,
          "get_password_data": false,
          "hibernation": null,
          "iam_instance_profile": null,
          "instance_initiated_shutdown_behavior": null,
          "instance_type": "t3.small",
          "monitoring": null,
          "source_dest_check": true,
          "subnet_id": "subnet-6fe3d837",
          "tags": {
            "Name": "value2"
          },
          "timeouts": null,
          "user_data": null,
          "user_data_base64": null
        },
        "after_unknown": {
          "arn": true,
          "associate_public_ip_address": true,
          "availability_zone": true,
          "cpu_core_count": true,
          "cpu_threads_per_core": true,
          "credit_specification": [ ],
          "ebs_block_device": true,
          "enclave_options": true,
          "ephemeral_block_device": true,
          "host_id": true,
          "id": true,
          "instance_state": true,
          "ipv6_address_count": true,
          "ipv6_addresses": true,
          "key_name": true,
          "metadata_options": true,
          "network_interface": true,
          "outpost_arn": true,
          "password_data": true,
          "placement_group": true,
          "primary_network_interface_id": true,
          "private_dns": true,
          "private_ip": true,
          "public_dns": true,
          "public_ip": true,
          "root_block_device": true,
          "secondary_private_ips": true,
          "security_groups": true,
          "tags": { },
          "tenancy": true,
          "volume_tags": true,
          "vpc_security_group_ids": true
        }
      }
    },
    {
      "address": "aws_instance.small_no_count",
      "mode": "managed",
      "type": "aws_instance",
      "name": "small_no_count",
      "provider_name": "registry.terraform.io/hashicorp/aws",
      "change": {
        "actions": [
          "create"
        ],
        "before": null,
        "after": {
          "ami": "ami-0744c1fc56cc1c3e6",
          "credit_specification": [ ],
          "disable_api_termination": null,
          "ebs_optimized": null,
          "get_password_data": false,
          "hibernation": null,
          "iam_instance_profile": null,
          "instance_initiated_shutdown_behavior": null,
          "instance_type": "t3.small",
          "monitoring": null,
          "source_dest_check": true,
          "tags": null,
          "timeouts": null,
          "user_data": null,
          "user_data_base64": null
        },
        "after_unknown": {
          "arn": true,
          "associate_public_ip_address": true,
          "availability_zone": true,
          "cpu_core_count": true,
          "cpu_threads_per_core": true,
          "credit_specification": [ ],
          "ebs_block_device": true,
          "enclave_options": true,
          "ephemeral_block_device": true,
          "host_id": true,
          "id": true,
          "instance_state": true,
          "ipv6_address_count": true,
          "ipv6_addresses": true,
          "key_name": true,
          "metadata_options": true,
          "network_interface": true,
          "outpost_arn": true,
          "password_data": true,
          "placement_group": true,
          "primary_network_interface_id": true,
          "private_dns": true,
          "private_ip": true,
          "public_dns": true,
          "public_ip": true,
          "root_block_device": true,
          "secondary_private_ips": true,
          "security_groups": true,
          "subnet_id": true,
          "tenancy": true,
          "volume_tags": true,
          "vpc_security_group_ids": true
        }
      }
    },
    {
      "address": "module.instance_count_2.aws_instance.this[0]",
      "module_address": "module.instance_count_2",
      "mode": "managed",
      "type": "aws_instance",
      "name": "this",
      "index": 0,
      "provider_name": "registry.terraform.io/hashicorp/aws",
      "change": {
        "actions": [
          "create"
        ],
        "before": null,
        "after": {
          "ami": "ami-0744c1fc56cc1c3e6",
          "credit_specification": [
            {
              "cpu_credits": "standard"
            }
          ],
          "disable_api_termination": false,
          "ebs_optimized": false,
          "get_password_data": false,
          "hibernation": null,
          "iam_instance_profile": "",
          "instance_initiated_shutdown_behavior": "",
          "instance_type": "t2.micro",
          "monitoring": false,
          "root_block_device": [
            {
              "delete_on_termination": true,
              "volume_size": 10,
              "volume_type": "gp2"
            }
          ],
          "source_dest_check": true,
          "subnet_id": "subnet-6fe3d837",
          "tags": {
            "Name": "instance_count_-1"
          },
          "tenancy": "default",
          "timeouts": null,
          "user_data": null,
          "user_data_base64": null,
          "volume_tags": {
            "Name": "instance_count_-1"
          }
        },
        "after_unknown": {
          "arn": true,
          "associate_public_ip_address": true,
          "availability_zone": true,
          "cpu_core_count": true,
          "cpu_threads_per_core": true,
          "credit_specification": [
            { }
          ],
          "ebs_block_device": true,
          "enclave_options": true,
          "ephemeral_block_device": true,
          "host_id": true,
          "id": true,
          "instance_state": true,
          "ipv6_address_count": true,
          "ipv6_addresses": true,
          "key_name": true,
          "metadata_options": true,
          "network_interface": true,
          "outpost_arn": true,
          "password_data": true,
          "placement_group": true,
          "primary_network_interface_id": true,
          "private_dns": true,
          "private_ip": true,
          "public_dns": true,
          "public_ip": true,
          "root_block_device": [
            {
              "device_name": true,
              "encrypted": true,
              "iops": true,
              "kms_key_id": true,
              "throughput": true,
              "volume_id": true
            }
          ],
          "secondary_private_ips": true,
          "security_groups": true,
          "tags": { },
          "volume_tags": { },
          "vpc_security_group_ids": true
        }
      }
    },
    {
      "address": "module.instance_count_2.aws_instance.this[1]",
      "module_address": "module.instance_count_2",
      "mode": "managed",
      "type": "aws_instance",
      "name": "this",
      "index": 1,
      "provider_name": "registry.terraform.io/hashicorp/aws",
      "change": {
        "actions": [
          "create"
        ],
        "before": null,
        "after": {
          "ami": "ami-0744c1fc56cc1c3e6",
          "credit_specification": [
            {
              "cpu_credits": "standard"
            }
          ],
          "disable_api_termination": false,
          "ebs_optimized": false,
          "get_password_data": false,
          "hibernation": null,
          "iam_instance_profile": "",
          "instance_initiated_shutdown_behavior": "",
          "instance_type": "t2.micro",
          "monitoring": false,
          "root_block_device": [
            {
              "delete_on_termination": true,
              "volume_size": 10,
              "volume_type": "gp2"
            }
          ],
          "source_dest_check": true,
          "subnet_id": "subnet-6fe3d837",
          "tags": {
            "Name": "instance_count_-2"
          },
          "tenancy": "default",
          "timeouts": null,
          "user_data": null,
          "user_data_base64": null,
          "volume_tags": {
            "Name": "instance_count_-2"
          }
        },
        "after_unknown": {
          "arn": true,
          "associate_public_ip_address": true,
          "availability_zone": true,
          "cpu_core_count": true,
          "cpu_threads_per_core": true,
          "credit_specification": [
            { }
          ],
          "ebs_block_device": true,
          "enclave_options": true,
          "ephemeral_block_device": true,
          "host_id": true,
          "id": true,
          "instance_state": true,
          "ipv6_address_count": true,
          "ipv6_addresses": true,
          "key_name": true,
          "metadata_options": true,
          "network_interface": true,
          "outpost_arn": true,
          "password_data": true,
          "placement_group": true,
          "primary_network_interface_id": true,
          "private_dns": true,
          "private_ip": true,
          "public_dns": true,
          "public_ip": true,
          "root_block_device": [
            {
              "device_name": true,
              "encrypted": true,
              "iops": true,
              "kms_key_id": true,
              "throughput": true,
              "volume_id": true
            }
          ],
          "secondary_private_ips": true,
          "security_groups": true,
          "tags": { },
          "volume_tags": { },
          "vpc_security_group_ids": true
        }
      }
    },
    {
      "address": "module.module_count_2[0].aws_instance.this[0]",
      "module_address": "module.module_count_2[0]",
      "mode": "managed",
      "type": "aws_instance",
      "name": "this",
      "index": 0,
      "provider_name": "registry.terraform.io/hashicorp/aws",
      "change": {
        "actions": [
          "create"
        ],
        "before": null,
        "after": {
          "ami": "ami-0744c1fc56cc1c3e6",
          "credit_specification": [
            {
              "cpu_credits": "standard"
            }
          ],
          "disable_api_termination": false,
          "ebs_optimized": false,
          "get_password_data": false,
          "hibernation": null,
          "iam_instance_profile": "",
          "instance_initiated_shutdown_behavior": "",
          "instance_type": "t2.nano",
          "monitoring": false,
          "source_dest_check": true,
          "subnet_id": "subnet-6fe3d837",
          "tags": {
            "Name": "module_count_"
          },
          "tenancy": "default",
          "timeouts": null,
          "user_data": null,
          "user_data_base64": null,
          "volume_tags": {
            "Name": "module_count_"
          }
        },
        "after_unknown": {
          "arn": true,
          "associate_public_ip_address": true,
          "availability_zone": true,
          "cpu_core_count": true,
          "cpu_threads_per_core": true,
          "credit_specification": [
            { }
          ],
          "ebs_block_device": true,
          "enclave_options": true,
          "ephemeral_block_device": true,
          "host_id": true,
          "id": true,
          "instance_state": true,
          "ipv6_address_count": true,
          "ipv6_addresses": true,
          "key_name": true,
          "metadata_options": true,
          "network_interface": true,
          "outpost_arn": true,
          "password_data": true,
          "placement_group": true,
          "primary_network_interface_id": true,
          "private_dns": true,
          "private_ip": true,
          "public_dns": true,
          "public_ip": true,
          "root_block_device": true,
          "secondary_private_ips": true,
          "security_groups": true,
          "tags": { },
          "volume_tags": { },
          "vpc_security_group_ids": true
        }
      }
    },
    {
      "address": "module.module_count_2[1].aws_instance.this[0]",
      "module_address": "module.module_count_2[1]",
      "mode": "managed",
      "type": "aws_instance",
      "name": "this",
      "index": 0,
      "provider_name": "registry.terraform.io/hashicorp/aws",
      "change": {
        "actions": [
          "create"
        ],
        "before": null,
        "after": {
          "ami": "ami-0744c1fc56cc1c3e6",
          "credit_specification": [
            {
              "cpu_credits": "standard"
            }
          ],
          "disable_api_termination": false,
          "ebs_optimized": false,
          "get_password_data": false,
          "hibernation": null,
          "iam_instance_profile": "",
          "instance_initiated_shutdown_behavior": "",
          "instance_type": "t2.nano",
          "monitoring": false,
          "source_dest_check": true,
          "subnet_id": "subnet-6fe3d837",
          "tags": {
            "Name": "module_count_"
          },
          "tenancy": "default",
          "timeouts": null,
          "user_data": null,
          "user_data_base64": null,
          "volume_tags": {
            "Name": "module_count_"
          }
        },
        "after_unknown": {
          "arn": true,
          "associate_public_ip_address": true,
          "availability_zone": true,
          "cpu_core_count": true,
          "cpu_threads_per_core": true,
          "credit_specification": [
            { }
          ],
          "ebs_block_device": true,
          "enclave_options": true,
          "ephemeral_block_device": true,
          "host_id": true,
          "id": true,
          "instance_state": true,
          "ipv6_address_count": true,
          "ipv6_addresses": true,
          "key_name": true,
          "metadata_options": true,
          "network_interface": true,
          "outpost_arn": true,
          "password_data": true,
          "placement_group": true,
          "primary_network_interface_id": true,
          "private_dns": true,
          "private_ip": true,
          "public_dns": true,
          "public_ip": true,
          "root_block_device": true,
          "secondary_private_ips": true,
          "security_groups": true,
          "tags": { },
          "volume_tags": { },
          "vpc_security_group_ids": true
        }
      }
    }
  ],
  "prior_state": {
    "format_version": "0.1",
    "terraform_version": "0.14.4",
    "values": {
      "root_module": {
        "resources": [
          {
            "address": "data.aws_ami.amazon_linux",
            "mode": "data",
            "type": "aws_ami",
            "name": "amazon_linux",
            "provider_name": "registry.terraform.io/hashicorp/aws",
            "schema_version": 0,
            "values": {
              "architecture": "x86_64",
              "arn": "arn:aws:ec2:eu-west-1::image/ami-0744c1fc56cc1c3e6",
              "block_device_mappings": [
                {
                  "device_name": "/dev/xvda",
                  "ebs": {
                    "delete_on_termination": "true",
                    "encrypted": "false",
                    "iops": "0",
                    "snapshot_id": "snap-05a42ba5477ed9fdd",
                    "volume_size": "8",
                    "volume_type": "gp2"
                  },
                  "no_device": "",
                  "virtual_name": ""
                }
              ],
              "creation_date": "2020-12-22T07:12:40.000Z",
              "description": "Amazon Linux AMI 2018.03.0.20201209.1 x86_64 HVM gp2",
              "executable_users": null,
              "filter": [
                {
                  "name": "name",
                  "values": [
                    "amzn-ami-hvm-*-x86_64-gp2"
                  ]
                },
                {
                  "name": "owner-alias",
                  "values": [
                    "amazon"
                  ]
                }
              ],
              "hypervisor": "xen",
              "id": "ami-0744c1fc56cc1c3e6",
              "image_id": "ami-0744c1fc56cc1c3e6",
              "image_location": "amazon/amzn-ami-hvm-2018.03.0.20201209.1-x86_64-gp2",
              "image_owner_alias": "amazon",
              "image_type": "machine",
              "kernel_id": null,
              "most_recent": true,
              "name": "amzn-ami-hvm-2018.03.0.20201209.1-x86_64-gp2",
              "name_regex": null,
              "owner_id": "137112412989",
              "owners": [
                "amazon"
              ],
              "platform": null,
              "product_codes": [ ],
              "public": true,
              "ramdisk_id": null,
              "root_device_name": "/dev/xvda",
              "root_device_type": "ebs",
              "root_snapshot_id": "snap-05a42ba5477ed9fdd",
              "sriov_net_support": "simple",
              "state": "available",
              "state_reason": {
                "code": "UNSET",
                "message": "UNSET"
              },
              "tags": { },
              "virtualization_type": "hvm"
            }
          },
          {
            "address": "data.aws_subnet_ids.all",
            "mode": "data",
            "type": "aws_subnet_ids",
            "name": "all",
            "provider_name": "registry.terraform.io/hashicorp/aws",
            "schema_version": 0,
            "values": {
              "filter": null,
              "id": "vpc-9651acf1",
              "ids": [
                "subnet-6fe3d837",
                "subnet-9211eef5",
                "subnet-e29d66ab"
              ],
              "tags": null,
              "vpc_id": "vpc-9651acf1"
            }
          },
          {
            "address": "data.aws_vpc.default",
            "mode": "data",
            "type": "aws_vpc",
            "name": "default",
            "provider_name": "registry.terraform.io/hashicorp/aws",
            "schema_version": 0,
            "values": {
              "arn": "arn:aws:ec2:eu-west-1:835367859851:vpc/vpc-9651acf1",
              "cidr_block": "172.31.0.0/16",
              "cidr_block_associations": [
                {
                  "association_id": "vpc-cidr-assoc-1f505176",
                  "cidr_block": "172.31.0.0/16",
                  "state": "associated"
                }
              ],
              "default": true,
              "dhcp_options_id": "dopt-9582cff1",
              "enable_dns_hostnames": true,
              "enable_dns_support": true,
              "filter": null,
              "id": "vpc-9651acf1",
              "instance_tenancy": "default",
              "ipv6_association_id": null,
              "ipv6_cidr_block": null,
              "main_route_table_id": "rtb-852956e2",
              "owner_id": "835367859851",
              "state": "available",
              "tags": {
                "Name": "default"
              }
            }
          }
        ]
      }
    }
  },
  "configuration": {
    "provider_config": {
      "aws": {
        "name": "aws",
        "expressions": {
          "region": {
            "constant_value": "eu-west-1"
          }
        }
      }
    },
    "root_module": {
      "resources": [
        {
          "address": "aws_instance.nano_count_2",
          "mode": "managed",
          "type": "aws_instance",
          "name": "nano_count_2",
          "provider_config_key": "aws",
          "expressions": {
            "ami": {
              "references": [
                "data.aws_ami.amazon_linux"
              ]
            },
            "instance_type": {
              "constant_value": "t3.nano"
            },
            "subnet_id": {
              "references": [
                "data.aws_subnet_ids.all"
              ]
            }
          },
          "schema_version": 1,
          "count_expression": {
            "constant_value": 2
          }
        },
        {
          "address": "aws_instance.small_for_each_fixed",
          "mode": "managed",
          "type": "aws_instance",
          "name": "small_for_each_fixed",
          "provider_config_key": "aws",
          "expressions": {
            "ami": {
              "references": [
                "data.aws_ami.amazon_linux"
              ]
            },
            "instance_type": {
              "constant_value": "t3.small"
            },
            "subnet_id": {
              "references": [
                "data.aws_subnet_ids.all"
              ]
            },
            "tags": {
              "references": [
                "each.value"
              ]
            }
          },
          "schema_version": 1,
          "for_each_expression": {
            "constant_value": {
              "key1": "value1",
              "key2": "value2"
            }
          }
        },
        {
          "address": "aws_instance.small_no_count",
          "mode": "managed",
          "type": "aws_instance",
          "name": "small_no_count",
          "provider_config_key": "aws",
          "expressions": {
            "ami": {
              "references": [
                "data.aws_ami.amazon_linux"
              ]
            },
            "instance_type": {
              "constant_value": "t3.small"
            }
          },
          "schema_version": 1
        },
        {
          "address": "data.aws_ami.amazon_linux",
          "mode": "data",
          "type": "aws_ami",
          "name": "amazon_linux",
          "provider_config_key": "aws",
          "expressions": {
            "filter": [
              {
                "name": {
                  "constant_value": "name"
                },
                "values": {
                  "constant_value": [
                    "amzn-ami-hvm-*-x86_64-gp2"
                  ]
                }
              },
              {
                "name": {
                  "constant_value": "owner-alias"
                },
                "values": {
                  "constant_value": [
                    "amazon"
                  ]
                }
              }
            ],
            "most_recent": {
              "constant_value": true
            },
            "owners": {
              "constant_value": [
                "amazon"
              ]
            }
          },
          "schema_version": 0
        },
        {
          "address": "data.aws_subnet_ids.all",
          "mode": "data",
          "type": "aws_subnet_ids",
          "name": "all",
          "provider_config_key": "aws",
          "expressions": {
            "vpc_id": {
              "references": [
                "data.aws_vpc.default"
              ]
            }
          },
          "schema_version": 0
        },
        {
          "address": "data.aws_vpc.default",
          "mode": "data",
          "type": "aws_vpc",
          "name": "default",
          "provider_config_key": "aws",
          "expressions": {
            "default": {
              "constant_value": true
            }
          },
          "schema_version": 0
        }
      ],
      "module_calls": {
        "instance_count_2": {
          "source": "terraform-aws-modules/ec2-instance/aws",
          "expressions": {
            "ami": {
              "references": [
                "data.aws_ami.amazon_linux"
              ]
            },
            "instance_count": {
              "constant_value": 2
            },
            "instance_type": {
              "constant_value": "t2.micro"
            },
            "name": {
              "constant_value": "instance_count_"
            },
            "root_block_device": {
              "constant_value": [
                {
                  "volume_size": 10,
                  "volume_type": "gp2"
                }
              ]
            },
            "subnet_id": {
              "references": [
                "data.aws_subnet_ids.all"
              ]
            }
          },
          "module": {
            "outputs": {
              "arn": {
                "expression": {
                  "references": [
                    "aws_instance.this"
                  ]
                },
                "description": "List of ARNs of instances"
              },
              "availability_zone": {
                "expression": {
                  "references": [
                    "aws_instance.this"
                  ]
                },
                "description": "List of availability zones of instances"
              },
              "credit_specification": {
                "expression": {
                  "references": [
                    "aws_instance.this"
                  ]
                },
                "description": "List of credit specification of instances"
              },
              "ebs_block_device_volume_ids": {
                "expression": {
                  "references": [
                    "aws_instance.this"
                  ]
                },
                "description": "List of volume IDs of EBS block devices of instances"
              },
              "id": {
                "expression": {
                  "references": [
                    "aws_instance.this"
                  ]
                },
                "description": "List of IDs of instances"
              },
              "instance_count": {
                "expression": {
                  "references": [
                    "var.instance_count"
                  ]
                },
                "description": "Number of instances to launch specified as argument to this module"
              },
              "instance_state": {
                "expression": {
                  "references": [
                    "aws_instance.this"
                  ]
                },
                "description": "List of instance states of instances"
              },
              "ipv6_addresses": {
                "expression": {
                  "references": [
                    "aws_instance.this"
                  ]
                },
                "description": "List of assigned IPv6 addresses of instances"
              },
              "key_name": {
                "expression": {
                  "references": [
                    "aws_instance.this"
                  ]
                },
                "description": "List of key names of instances"
              },
              "metadata_options": {
                "expression": {
                  "references": [
                    "aws_instance.this"
                  ]
                },
                "description": "List of metadata options of instances"
              },
              "password_data": {
                "expression": {
                  "references": [
                    "aws_instance.this"
                  ]
                },
                "description": "List of Base-64 encoded encrypted password data for the instance"
              },
              "placement_group": {
                "expression": {
                  "references": [
                    "aws_instance.this"
                  ]
                },
                "description": "List of placement groups of instances"
              },
              "primary_network_interface_id": {
                "expression": {
                  "references": [
                    "aws_instance.this"
                  ]
                },
                "description": "List of IDs of the primary network interface of instances"
              },
              "private_dns": {
                "expression": {
                  "references": [
                    "aws_instance.this"
                  ]
                },
                "description": "List of private DNS names assigned to the instances. Can only be used inside the Amazon EC2, and only available if you've enabled DNS hostnames for your VPC"
              },
              "private_ip": {
                "expression": {
                  "references": [
                    "aws_instance.this"
                  ]
                },
                "description": "List of private IP addresses assigned to the instances"
              },
              "public_dns": {
                "expression": {
                  "references": [
                    "aws_instance.this"
                  ]
                },
                "description": "List of public DNS names assigned to the instances. For EC2-VPC, this is only available if you've enabled DNS hostnames for your VPC"
              },
              "public_ip": {
                "expression": {
                  "references": [
                    "aws_instance.this"
                  ]
                },
                "description": "List of public IP addresses assigned to the instances, if applicable"
              },
              "root_block_device_volume_ids": {
                "expression": {
                  "references": [
                    "aws_instance.this"
                  ]
                },
                "description": "List of volume IDs of root block devices of instances"
              },
              "security_groups": {
                "expression": {
                  "references": [
                    "aws_instance.this"
                  ]
                },
                "description": "List of associated security groups of instances"
              },
              "subnet_id": {
                "expression": {
                  "references": [
                    "aws_instance.this"
                  ]
                },
                "description": "List of IDs of VPC subnets of instances"
              },
              "tags": {
                "expression": {
                  "references": [
                    "aws_instance.this"
                  ]
                },
                "description": "List of tags of instances"
              },
              "volume_tags": {
                "expression": {
                  "references": [
                    "aws_instance.this"
                  ]
                },
                "description": "List of tags of volumes of instances"
              },
              "vpc_security_group_ids": {
                "expression": {
                  "references": [
                    "aws_instance.this"
                  ]
                },
                "description": "List of associated security groups of instances, if running in non-default VPC"
              }
            },
            "resources": [
              {
                "address": "aws_instance.this",
                "mode": "managed",
                "type": "aws_instance",
                "name": "this",
                "provider_config_key": "instance_count_2:aws",
                "expressions": {
                  "ami": {
                    "references": [
                      "var.ami"
                    ]
                  },
                  "associate_public_ip_address": {
                    "references": [
                      "var.associate_public_ip_address"
                    ]
                  },
                  "credit_specification": [
                    {
                      "cpu_credits": {
                        "references": [
                          "local.is_t_instance_type",
                          "var.cpu_credits"
                        ]
                      }
                    }
                  ],
                  "disable_api_termination": {
                    "references": [
                      "var.disable_api_termination"
                    ]
                  },
                  "ebs_optimized": {
                    "references": [
                      "var.ebs_optimized"
                    ]
                  },
                  "get_password_data": {
                    "references": [
                      "var.get_password_data"
                    ]
                  },
                  "iam_instance_profile": {
                    "references": [
                      "var.iam_instance_profile"
                    ]
                  },
                  "instance_initiated_shutdown_behavior": {
                    "references": [
                      "var.instance_initiated_shutdown_behavior"
                    ]
                  },
                  "instance_type": {
                    "references": [
                      "var.instance_type"
                    ]
                  },
                  "ipv6_address_count": {
                    "references": [
                      "var.ipv6_address_count"
                    ]
                  },
                  "ipv6_addresses": {
                    "references": [
                      "var.ipv6_addresses"
                    ]
                  },
                  "key_name": {
                    "references": [
                      "var.key_name"
                    ]
                  },
                  "monitoring": {
                    "references": [
                      "var.monitoring"
                    ]
                  },
                  "placement_group": {
                    "references": [
                      "var.placement_group"
                    ]
                  },
                  "private_ip": {
                    "references": [
                      "var.private_ips",
                      "var.private_ips",
                      "count.index",
                      "var.private_ip"
                    ]
                  },
                  "source_dest_check": {
                    "references": [
                      "var.network_interface",
                      "var.source_dest_check"
                    ]
                  },
                  "subnet_id": {
                    "references": [
                      "var.network_interface",
                      "var.subnet_id",
                      "var.subnet_ids",
                      "count.index"
                    ]
                  },
                  "tags": {
                    "references": [
                      "var.instance_count",
                      "var.use_num_suffix",
                      "var.num_suffix_format",
                      "var.name",
                      "count.index",
                      "var.name",
                      "var.tags"
                    ]
                  },
                  "tenancy": {
                    "references": [
                      "var.tenancy"
                    ]
                  },
                  "user_data": {
                    "references": [
                      "var.user_data"
                    ]
                  },
                  "user_data_base64": {
                    "references": [
                      "var.user_data_base64"
                    ]
                  },
                  "volume_tags": {
                    "references": [
                      "var.instance_count",
                      "var.use_num_suffix",
                      "var.num_suffix_format",
                      "var.name",
                      "count.index",
                      "var.name",
                      "var.volume_tags"
                    ]
                  },
                  "vpc_security_group_ids": {
                    "references": [
                      "var.vpc_security_group_ids"
                    ]
                  }
                },
                "schema_version": 1,
                "count_expression": {
                  "references": [
                    "var.instance_count"
                  ]
                }
              }
            ],
            "variables": {
              "ami": {
                "description": "ID of AMI to use for the instance"
              },
              "associate_public_ip_address": {
                "default": null,
                "description": "If true, the EC2 instance will have associated public IP address"
              },
              "cpu_credits": {
                "default": "standard",
                "description": "The credit option for CPU usage (unlimited or standard)"
              },
              "disable_api_termination": {
                "default": false,
                "description": "If true, enables EC2 Instance Termination Protection"
              },
              "ebs_block_device": {
                "default": [ ],
                "description": "Additional EBS block devices to attach to the instance"
              },
              "ebs_optimized": {
                "default": false,
                "description": "If true, the launched EC2 instance will be EBS-optimized"
              },
              "ephemeral_block_device": {
                "default": [ ],
                "description": "Customize Ephemeral (also known as Instance Store) volumes on the instance"
              },
              "get_password_data": {
                "default": false,
                "description": "If true, wait for password data to become available and retrieve it."
              },
              "iam_instance_profile": {
                "default": "",
                "description": "The IAM Instance Profile to launch the instance with. Specified as the name of the Instance Profile."
              },
              "instance_count": {
                "default": 1,
                "description": "Number of instances to launch"
              },
              "instance_initiated_shutdown_behavior": {
                "default": "",
                "description": "Shutdown behavior for the instance"
              },
              "instance_type": {
                "description": "The type of instance to start"
              },
              "ipv6_address_count": {
                "default": null,
                "description": "A number of IPv6 addresses to associate with the primary network interface. Amazon EC2 chooses the IPv6 addresses from the range of your subnet."
              },
              "ipv6_addresses": {
                "default": null,
                "description": "Specify one or more IPv6 addresses from the range of the subnet to associate with the primary network interface"
              },
              "key_name": {
                "default": "",
                "description": "The key name to use for the instance"
              },
              "metadata_options": {
                "default": { },
                "description": "Customize the metadata options of the instance"
              },
              "monitoring": {
                "default": false,
                "description": "If true, the launched EC2 instance will have detailed monitoring enabled"
              },
              "name": {
                "description": "Name to be used on all resources as prefix"
              },
              "network_interface": {
                "default": [ ],
                "description": "Customize network interfaces to be attached at instance boot time"
              },
              "num_suffix_format": {
                "default": "-%d",
                "description": "Numerical suffix format used as the volume and EC2 instance name suffix"
              },
              "placement_group": {
                "default": "",
                "description": "The Placement Group to start the instance in"
              },
              "private_ip": {
                "default": null,
                "description": "Private IP address to associate with the instance in a VPC"
              },
              "private_ips": {
                "default": [ ],
                "description": "A list of private IP address to associate with the instance in a VPC. Should match the number of instances."
              },
              "root_block_device": {
                "default": [ ],
                "description": "Customize details about the root block device of the instance. See Block Devices below for details"
              },
              "source_dest_check": {
                "default": true,
                "description": "Controls if traffic is routed to the instance when the destination address does not match the instance. Used for NAT or VPNs."
              },
              "subnet_id": {
                "default": "",
                "description": "The VPC Subnet ID to launch in"
              },
              "subnet_ids": {
                "default": [ ],
                "description": "A list of VPC Subnet IDs to launch in"
              },
              "tags": {
                "default": { },
                "description": "A mapping of tags to assign to the resource"
              },
              "tenancy": {
                "default": "default",
                "description": "The tenancy of the instance (if the instance is running in a VPC). Available values: default, dedicated, host."
              },
              "use_num_suffix": {
                "default": false,
                "description": "Always append numerical suffix to instance name, even if instance_count is 1"
              },
              "user_data": {
                "default": null,
                "description": "The user data to provide when launching the instance. Do not pass gzip-compressed data via this argument; see user_data_base64 instead."
              },
              "user_data_base64": {
                "default": null,
                "description": "Can be used instead of user_data to pass base64-encoded binary data directly. Use this instead of user_data whenever the value is not a valid UTF-8 string. For example, gzip-encoded user data must be base64-encoded and passed via this argument to avoid corruption."
              },
              "volume_tags": {
                "default": { },
                "description": "A mapping of tags to assign to the devices created by the instance at launch time"
              },
              "vpc_security_group_ids": {
                "default": null,
                "description": "A list of security group IDs to associate with"
              }
            }
          }
        },
        "module_count_2": {
          "source": "terraform-aws-modules/ec2-instance/aws",
          "expressions": {
            "ami": {
              "references": [
                "data.aws_ami.amazon_linux"
              ]
            },
            "instance_type": {
              "constant_value": "t2.nano"
            },
            "name": {
              "constant_value": "module_count_"
            },
            "subnet_id": {
              "references": [
                "data.aws_subnet_ids.all"
              ]
            }
          },
          "count_expression": {
            "constant_value": 2
          },
          "module": {
            "outputs": {
              "arn": {
                "expression": {
                  "references": [
                    "aws_instance.this"
                  ]
                },
                "description": "List of ARNs of instances"
              },
              "availability_zone": {
                "expression": {
                  "references": [
                    "aws_instance.this"
                  ]
                },
                "description": "List of availability zones of instances"
              },
              "credit_specification": {
                "expression": {
                  "references": [
                    "aws_instance.this"
                  ]
                },
                "description": "List of credit specification of instances"
              },
              "ebs_block_device_volume_ids": {
                "expression": {
                  "references": [
                    "aws_instance.this"
                  ]
                },
                "description": "List of volume IDs of EBS block devices of instances"
              },
              "id": {
                "expression": {
                  "references": [
                    "aws_instance.this"
                  ]
                },
                "description": "List of IDs of instances"
              },
              "instance_count": {
                "expression": {
                  "references": [
                    "var.instance_count"
                  ]
                },
                "description": "Number of instances to launch specified as argument to this module"
              },
              "instance_state": {
                "expression": {
                  "references": [
                    "aws_instance.this"
                  ]
                },
                "description": "List of instance states of instances"
              },
              "ipv6_addresses": {
                "expression": {
                  "references": [
                    "aws_instance.this"
                  ]
                },
                "description": "List of assigned IPv6 addresses of instances"
              },
              "key_name": {
                "expression": {
                  "references": [
                    "aws_instance.this"
                  ]
                },
                "description": "List of key names of instances"
              },
              "metadata_options": {
                "expression": {
                  "references": [
                    "aws_instance.this"
                  ]
                },
                "description": "List of metadata options of instances"
              },
              "password_data": {
                "expression": {
                  "references": [
                    "aws_instance.this"
                  ]
                },
                "description": "List of Base-64 encoded encrypted password data for the instance"
              },
              "placement_group": {
                "expression": {
                  "references": [
                    "aws_instance.this"
                  ]
                },
                "description": "List of placement groups of instances"
              },
              "primary_network_interface_id": {
                "expression": {
                  "references": [
                    "aws_instance.this"
                  ]
                },
                "description": "List of IDs of the primary network interface of instances"
              },
              "private_dns": {
                "expression": {
                  "references": [
                    "aws_instance.this"
                  ]
                },
                "description": "List of private DNS names assigned to the instances. Can only be used inside the Amazon EC2, and only available if you've enabled DNS hostnames for your VPC"
              },
              "private_ip": {
                "expression": {
                  "references": [
                    "aws_instance.this"
                  ]
                },
                "description": "List of private IP addresses assigned to the instances"
              },
              "public_dns": {
                "expression": {
                  "references": [
                    "aws_instance.this"
                  ]
                },
                "description": "List of public DNS names assigned to the instances. For EC2-VPC, this is only available if you've enabled DNS hostnames for your VPC"
              },
              "public_ip": {
                "expression": {
                  "references": [
                    "aws_instance.this"
                  ]
                },
                "description": "List of public IP addresses assigned to the instances, if applicable"
              },
              "root_block_device_volume_ids": {
                "expression": {
                  "references": [
                    "aws_instance.this"
                  ]
                },
                "description": "List of volume IDs of root block devices of instances"
              },
              "security_groups": {
                "expression": {
                  "references": [
                    "aws_instance.this"
                  ]
                },
                "description": "List of associated security groups of instances"
              },
              "subnet_id": {
                "expression": {
                  "references": [
                    "aws_instance.this"
                  ]
                },
                "description": "List of IDs of VPC subnets of instances"
              },
              "tags": {
                "expression": {
                  "references": [
                    "aws_instance.this"
                  ]
                },
                "description": "List of tags of instances"
              },
              "volume_tags": {
                "expression": {
                  "references": [
                    "aws_instance.this"
                  ]
                },
                "description": "List of tags of volumes of instances"
              },
              "vpc_security_group_ids": {
                "expression": {
                  "references": [
                    "aws_instance.this"
                  ]
                },
                "description": "List of associated security groups of instances, if running in non-default VPC"
              }
            },
            "resources": [
              {
                "address": "aws_instance.this",
                "mode": "managed",
                "type": "aws_instance",
                "name": "this",
                "provider_config_key": "module_count_2:aws",
                "expressions": {
                  "ami": {
                    "references": [
                      "var.ami"
                    ]
                  },
                  "associate_public_ip_address": {
                    "references": [
                      "var.associate_public_ip_address"
                    ]
                  },
                  "credit_specification": [
                    {
                      "cpu_credits": {
                        "references": [
                          "local.is_t_instance_type",
                          "var.cpu_credits"
                        ]
                      }
                    }
                  ],
                  "disable_api_termination": {
                    "references": [
                      "var.disable_api_termination"
                    ]
                  },
                  "ebs_optimized": {
                    "references": [
                      "var.ebs_optimized"
                    ]
                  },
                  "get_password_data": {
                    "references": [
                      "var.get_password_data"
                    ]
                  },
                  "iam_instance_profile": {
                    "references": [
                      "var.iam_instance_profile"
                    ]
                  },
                  "instance_initiated_shutdown_behavior": {
                    "references": [
                      "var.instance_initiated_shutdown_behavior"
                    ]
                  },
                  "instance_type": {
                    "references": [
                      "var.instance_type"
                    ]
                  },
                  "ipv6_address_count": {
                    "references": [
                      "var.ipv6_address_count"
                    ]
                  },
                  "ipv6_addresses": {
                    "references": [
                      "var.ipv6_addresses"
                    ]
                  },
                  "key_name": {
                    "references": [
                      "var.key_name"
                    ]
                  },
                  "monitoring": {
                    "references": [
                      "var.monitoring"
                    ]
                  },
                  "placement_group": {
                    "references": [
                      "var.placement_group"
                    ]
                  },
                  "private_ip": {
                    "references": [
                      "var.private_ips",
                      "var.private_ips",
                      "count.index",
                      "var.private_ip"
                    ]
                  },
                  "source_dest_check": {
                    "references": [
                      "var.network_interface",
                      "var.source_dest_check"
                    ]
                  },
                  "subnet_id": {
                    "references": [
                      "var.network_interface",
                      "var.subnet_id",
                      "var.subnet_ids",
                      "count.index"
                    ]
                  },
                  "tags": {
                    "references": [
                      "var.instance_count",
                      "var.use_num_suffix",
                      "var.num_suffix_format",
                      "var.name",
                      "count.index",
                      "var.name",
                      "var.tags"
                    ]
                  },
                  "tenancy": {
                    "references": [
                      "var.tenancy"
                    ]
                  },
                  "user_data": {
                    "references": [
                      "var.user_data"
                    ]
                  },
                  "user_data_base64": {
                    "references": [
                      "var.user_data_base64"
                    ]
                  },
                  "volume_tags": {
                    "references": [
                      "var.instance_count",
                      "var.use_num_suffix",
                      "var.num_suffix_format",
                      "var.name",
                      "count.index",
                      "var.name",
                      "var.volume_tags"
                    ]
                  },
                  "vpc_security_group_ids": {
                    "references": [
                      "var.vpc_security_group_ids"
                    ]
                  }
                },
                "schema_version": 1,
                "count_expression": {
                  "references": [
                    "var.instance_count"
                  ]
                }
              }
            ],
            "variables": {
              "ami": {
                "description": "ID of AMI to use for the instance"
              },
              "associate_public_ip_address": {
                "default": null,
                "description": "If true, the EC2 instance will have associated public IP address"
              },
              "cpu_credits": {
                "default": "standard",
                "description": "The credit option for CPU usage (unlimited or standard)"
              },
              "disable_api_termination": {
                "default": false,
                "description": "If true, enables EC2 Instance Termination Protection"
              },
              "ebs_block_device": {
                "default": [ ],
                "description": "Additional EBS block devices to attach to the instance"
              },
              "ebs_optimized": {
                "default": false,
                "description": "If true, the launched EC2 instance will be EBS-optimized"
              },
              "ephemeral_block_device": {
                "default": [ ],
                "description": "Customize Ephemeral (also known as Instance Store) volumes on the instance"
              },
              "get_password_data": {
                "default": false,
                "description": "If true, wait for password data to become available and retrieve it."
              },
              "iam_instance_profile": {
                "default": "",
                "description": "The IAM Instance Profile to launch the instance with. Specified as the name of the Instance Profile."
              },
              "instance_count": {
                "default": 1,
                "description": "Number of instances to launch"
              },
              "instance_initiated_shutdown_behavior": {
                "default": "",
                "description": "Shutdown behavior for the instance"
              },
              "instance_type": {
                "description": "The type of instance to start"
              },
              "ipv6_address_count": {
                "default": null,
                "description": "A number of IPv6 addresses to associate with the primary network interface. Amazon EC2 chooses the IPv6 addresses from the range of your subnet."
              },
              "ipv6_addresses": {
                "default": null,
                "description": "Specify one or more IPv6 addresses from the range of the subnet to associate with the primary network interface"
              },
              "key_name": {
                "default": "",
                "description": "The key name to use for the instance"
              },
              "metadata_options": {
                "default": { },
                "description": "Customize the metadata options of the instance"
              },
              "monitoring": {
                "default": false,
                "description": "If true, the launched EC2 instance will have detailed monitoring enabled"
              },
              "name": {
                "description": "Name to be used on all resources as prefix"
              },
              "network_interface": {
                "default": [ ],
                "description": "Customize network interfaces to be attached at instance boot time"
              },
              "num_suffix_format": {
                "default": "-%d",
                "description": "Numerical suffix format used as the volume and EC2 instance name suffix"
              },
              "placement_group": {
                "default": "",
                "description": "The Placement Group to start the instance in"
              },
              "private_ip": {
                "default": null,
                "description": "Private IP address to associate with the instance in a VPC"
              },
              "private_ips": {
                "default": [ ],
                "description": "A list of private IP address to associate with the instance in a VPC. Should match the number of instances."
              },
              "root_block_device": {
                "default": [ ],
                "description": "Customize details about the root block device of the instance. See Block Devices below for details"
              },
              "source_dest_check": {
                "default": true,
                "description": "Controls if traffic is routed to the instance when the destination address does not match the instance. Used for NAT or VPNs."
              },
              "subnet_id": {
                "default": "",
                "description": "The VPC Subnet ID to launch in"
              },
              "subnet_ids": {
                "default": [ ],
                "description": "A list of VPC Subnet IDs to launch in"
              },
              "tags": {
                "default": { },
                "description": "A mapping of tags to assign to the resource"
              },
              "tenancy": {
                "default": "default",
                "description": "The tenancy of the instance (if the instance is running in a VPC). Available values: default, dedicated, host."
              },
              "use_num_suffix": {
                "default": false,
                "description": "Always append numerical suffix to instance name, even if instance_count is 1"
              },
              "user_data": {
                "default": null,
                "description": "The user data to provide when launching the instance. Do not pass gzip-compressed data via this argument; see user_data_base64 instead."
              },
              "user_data_base64": {
                "default": null,
                "description": "Can be used instead of user_data to pass base64-encoded binary data directly. Use this instead of user_data whenever the value is not a valid UTF-8 string. For example, gzip-encoded user data must be base64-encoded and passed via this argument to avoid corruption."
              },
              "volume_tags": {
                "default": { },
                "description": "A mapping of tags to assign to the devices created by the instance at launch time"
              },
              "vpc_security_group_ids": {
                "default": null,
                "description": "A list of security group IDs to associate with"
              }
            }
          }
        }
      }
    }
  }
}
