{
  "format_version": "0.1",
  "terraform_version": "0.14.4",
  "planned_values": {
    "root_module": {
      "resources": [
        {
          "address": "aws_alb.alb2",
          "mode": "managed",
          "type": "aws_alb",
          "name": "alb2",
          "provider_name": "registry.terraform.io/hashicorp/aws",
          "schema_version": 0,
          "values": {
            "access_logs": [],
            "customer_owned_ipv4_pool": null,
            "drop_invalid_header_fields": false,
            "enable_cross_zone_load_balancing": null,
            "enable_deletion_protection": false,
            "enable_http2": true,
            "idle_timeout": 60,
            "load_balancer_type": "application",
            "name_prefix": null,
            "subnets": [
              "subnet-6fe3d837",
              "subnet-9211eef5",
              "subnet-e29d66ab"
            ],
            "tags": null,
            "timeouts": null
          }
        },
        {
          "address": "aws_db_instance.d1",
          "mode": "managed",
          "type": "aws_db_instance",
          "name": "d1",
          "provider_name": "registry.terraform.io/hashicorp/aws",
          "schema_version": 1,
          "values": {
            "allow_major_version_upgrade": null,
            "auto_minor_version_upgrade": true,
            "copy_tags_to_snapshot": false,
            "delete_automated_backups": true,
            "deletion_protection": null,
            "domain": null,
            "domain_iam_role_name": null,
            "enabled_cloudwatch_logs_exports": null,
            "engine": "mysql",
            "final_snapshot_identifier": null,
            "iam_database_authentication_enabled": null,
            "instance_class": "db.t3.large",
            "iops": null,
            "max_allocated_storage": null,
            "monitoring_interval": 0,
            "password": null,
            "performance_insights_enabled": false,
            "publicly_accessible": false,
            "replicate_source_db": null,
            "restore_to_point_in_time": [],
            "s3_import": [],
            "security_group_names": null,
            "skip_final_snapshot": false,
            "snapshot_identifier": null,
            "storage_encrypted": null,
            "tags": null,
            "timeouts": null
          }
        },
        {
          "address": "aws_db_instance.d10",
          "mode": "managed",
          "type": "aws_db_instance",
          "name": "d10",
          "provider_name": "registry.terraform.io/hashicorp/aws",
          "schema_version": 1,
          "values": {
            "allocated_storage": 40,
            "allow_major_version_upgrade": null,
            "auto_minor_version_upgrade": true,
            "copy_tags_to_snapshot": false,
            "delete_automated_backups": true,
            "deletion_protection": null,
            "domain": null,
            "domain_iam_role_name": null,
            "enabled_cloudwatch_logs_exports": null,
            "engine": "mariadb",
            "final_snapshot_identifier": null,
            "iam_database_authentication_enabled": null,
            "instance_class": "db.t3.large",
            "iops": null,
            "max_allocated_storage": null,
            "monitoring_interval": 0,
            "password": null,
            "performance_insights_enabled": false,
            "publicly_accessible": false,
            "replicate_source_db": null,
            "restore_to_point_in_time": [],
            "s3_import": [],
            "security_group_names": null,
            "skip_final_snapshot": false,
            "snapshot_identifier": null,
            "storage_encrypted": null,
            "storage_type": "gp2",
            "tags": null,
            "timeouts": null
          }
        },
        {
          "address": "aws_db_instance.d2",
          "mode": "managed",
          "type": "aws_db_instance",
          "name": "d2",
          "provider_name": "registry.terraform.io/hashicorp/aws",
          "schema_version": 1,
          "values": {
            "allocated_storage": 20,
            "allow_major_version_upgrade": null,
            "auto_minor_version_upgrade": true,
            "copy_tags_to_snapshot": false,
            "delete_automated_backups": true,
            "deletion_protection": null,
            "domain": null,
            "domain_iam_role_name": null,
            "enabled_cloudwatch_logs_exports": null,
            "engine": "mysql",
            "final_snapshot_identifier": null,
            "iam_database_authentication_enabled": null,
            "instance_class": "db.t3.small",
            "iops": 230,
            "max_allocated_storage": null,
            "monitoring_interval": 0,
            "password": null,
            "performance_insights_enabled": false,
            "publicly_accessible": false,
            "replicate_source_db": null,
            "restore_to_point_in_time": [],
            "s3_import": [],
            "security_group_names": null,
            "skip_final_snapshot": false,
            "snapshot_identifier": null,
            "storage_encrypted": null,
            "storage_type": "io1",
            "tags": null,
            "timeouts": null
          }
        },
        {
          "address": "aws_db_instance.d3",
          "mode": "managed",
          "type": "aws_db_instance",
          "name": "d3",
          "provider_name": "registry.terraform.io/hashicorp/aws",
          "schema_version": 1,
          "values": {
            "allocated_storage": 10,
            "allow_major_version_upgrade": null,
            "auto_minor_version_upgrade": true,
            "copy_tags_to_snapshot": false,
            "delete_automated_backups": true,
            "deletion_protection": null,
            "domain": null,
            "domain_iam_role_name": null,
            "enabled_cloudwatch_logs_exports": null,
            "engine": "postgres",
            "final_snapshot_identifier": null,
            "iam_database_authentication_enabled": null,
            "instance_class": "db.t3.small",
            "iops": null,
            "max_allocated_storage": null,
            "monitoring_interval": 0,
            "password": null,
            "performance_insights_enabled": false,
            "publicly_accessible": false,
            "replicate_source_db": null,
            "restore_to_point_in_time": [],
            "s3_import": [],
            "security_group_names": null,
            "skip_final_snapshot": false,
            "snapshot_identifier": null,
            "storage_encrypted": null,
            "storage_type": "gp2",
            "tags": null,
            "timeouts": null
          }
        },
        {
          "address": "aws_db_instance.d4",
          "mode": "managed",
          "type": "aws_db_instance",
          "name": "d4",
          "provider_name": "registry.terraform.io/hashicorp/aws",
          "schema_version": 1,
          "values": {
            "allocated_storage": 10,
            "allow_major_version_upgrade": null,
            "auto_minor_version_upgrade": true,
            "copy_tags_to_snapshot": false,
            "delete_automated_backups": true,
            "deletion_protection": null,
            "domain": null,
            "domain_iam_role_name": null,
            "enabled_cloudwatch_logs_exports": null,
            "engine": "postgres",
            "final_snapshot_identifier": null,
            "iam_database_authentication_enabled": null,
            "instance_class": "db.t3.small",
            "iops": null,
            "max_allocated_storage": null,
            "monitoring_interval": 0,
            "multi_az": true,
            "password": null,
            "performance_insights_enabled": false,
            "publicly_accessible": false,
            "replicate_source_db": null,
            "restore_to_point_in_time": [],
            "s3_import": [],
            "security_group_names": null,
            "skip_final_snapshot": false,
            "snapshot_identifier": null,
            "storage_encrypted": null,
            "storage_type": "gp2",
            "tags": null,
            "timeouts": null
          }
        },
        {
          "address": "aws_db_instance.d5",
          "mode": "managed",
          "type": "aws_db_instance",
          "name": "d5",
          "provider_name": "registry.terraform.io/hashicorp/aws",
          "schema_version": 1,
          "values": {
            "allocated_storage": 30,
            "allow_major_version_upgrade": null,
            "auto_minor_version_upgrade": true,
            "copy_tags_to_snapshot": false,
            "delete_automated_backups": true,
            "deletion_protection": null,
            "domain": null,
            "domain_iam_role_name": null,
            "enabled_cloudwatch_logs_exports": null,
            "engine": "sqlserver-ex",
            "final_snapshot_identifier": null,
            "iam_database_authentication_enabled": null,
            "instance_class": "db.t3.medium",
            "iops": null,
            "max_allocated_storage": null,
            "monitoring_interval": 0,
            "password": null,
            "performance_insights_enabled": false,
            "publicly_accessible": false,
            "replicate_source_db": null,
            "restore_to_point_in_time": [],
            "s3_import": [],
            "security_group_names": null,
            "skip_final_snapshot": false,
            "snapshot_identifier": null,
            "storage_encrypted": null,
            "storage_type": "gp2",
            "tags": null,
            "timeouts": null
          }
        },
        {
          "address": "aws_db_instance.d6",
          "mode": "managed",
          "type": "aws_db_instance",
          "name": "d6",
          "provider_name": "registry.terraform.io/hashicorp/aws",
          "schema_version": 1,
          "values": {
            "allocated_storage": 30,
            "allow_major_version_upgrade": null,
            "auto_minor_version_upgrade": true,
            "copy_tags_to_snapshot": false,
            "delete_automated_backups": true,
            "deletion_protection": null,
            "domain": null,
            "domain_iam_role_name": null,
            "enabled_cloudwatch_logs_exports": null,
            "engine": "sqlserver-ee",
            "final_snapshot_identifier": null,
            "iam_database_authentication_enabled": null,
            "instance_class": "db.r5.xlarge",
            "iops": null,
            "max_allocated_storage": null,
            "monitoring_interval": 0,
            "password": null,
            "performance_insights_enabled": false,
            "publicly_accessible": false,
            "replicate_source_db": null,
            "restore_to_point_in_time": [],
            "s3_import": [],
            "security_group_names": null,
            "skip_final_snapshot": false,
            "snapshot_identifier": null,
            "storage_encrypted": null,
            "storage_type": "gp2",
            "tags": null,
            "timeouts": null
          }
        },
        {
          "address": "aws_db_instance.d7",
          "mode": "managed",
          "type": "aws_db_instance",
          "name": "d7",
          "provider_name": "registry.terraform.io/hashicorp/aws",
          "schema_version": 1,
          "values": {
            "allocated_storage": 30,
            "allow_major_version_upgrade": null,
            "auto_minor_version_upgrade": true,
            "copy_tags_to_snapshot": false,
            "delete_automated_backups": true,
            "deletion_protection": null,
            "domain": null,
            "domain_iam_role_name": null,
            "enabled_cloudwatch_logs_exports": null,
            "engine": "sqlserver-se",
            "final_snapshot_identifier": null,
            "iam_database_authentication_enabled": null,
            "instance_class": "db.r5.xlarge",
            "iops": null,
            "max_allocated_storage": null,
            "monitoring_interval": 0,
            "password": null,
            "performance_insights_enabled": false,
            "publicly_accessible": false,
            "replicate_source_db": null,
            "restore_to_point_in_time": [],
            "s3_import": [],
            "security_group_names": null,
            "skip_final_snapshot": false,
            "snapshot_identifier": null,
            "storage_encrypted": null,
            "storage_type": "gp2",
            "tags": null,
            "timeouts": null
          }
        },
        {
          "address": "aws_db_instance.d8",
          "mode": "managed",
          "type": "aws_db_instance",
          "name": "d8",
          "provider_name": "registry.terraform.io/hashicorp/aws",
          "schema_version": 1,
          "values": {
            "allocated_storage": 30,
            "allow_major_version_upgrade": null,
            "auto_minor_version_upgrade": true,
            "copy_tags_to_snapshot": false,
            "delete_automated_backups": true,
            "deletion_protection": null,
            "domain": null,
            "domain_iam_role_name": null,
            "enabled_cloudwatch_logs_exports": null,
            "engine": "sqlserver-web",
            "final_snapshot_identifier": null,
            "iam_database_authentication_enabled": null,
            "instance_class": "db.r5.xlarge",
            "iops": null,
            "max_allocated_storage": null,
            "monitoring_interval": 0,
            "password": null,
            "performance_insights_enabled": false,
            "publicly_accessible": false,
            "replicate_source_db": null,
            "restore_to_point_in_time": [],
            "s3_import": [],
            "security_group_names": null,
            "skip_final_snapshot": false,
            "snapshot_identifier": null,
            "storage_encrypted": null,
            "storage_type": "gp2",
            "tags": null,
            "timeouts": null
          }
        },
        {
          "address": "aws_db_instance.d9",
          "mode": "managed",
          "type": "aws_db_instance",
          "name": "d9",
          "provider_name": "registry.terraform.io/hashicorp/aws",
          "schema_version": 1,
          "values": {
            "allocated_storage": 40,
            "allow_major_version_upgrade": null,
            "auto_minor_version_upgrade": true,
            "copy_tags_to_snapshot": false,
            "delete_automated_backups": true,
            "deletion_protection": null,
            "domain": null,
            "domain_iam_role_name": null,
            "enabled_cloudwatch_logs_exports": null,
            "engine": "oracle-ee",
            "final_snapshot_identifier": null,
            "iam_database_authentication_enabled": null,
            "instance_class": "db.t3.large",
            "iops": null,
            "max_allocated_storage": null,
            "monitoring_interval": 0,
            "password": null,
            "performance_insights_enabled": false,
            "publicly_accessible": false,
            "replicate_source_db": null,
            "restore_to_point_in_time": [],
            "s3_import": [],
            "security_group_names": null,
            "skip_final_snapshot": false,
            "snapshot_identifier": null,
            "storage_encrypted": null,
            "storage_type": "gp2",
            "tags": null,
            "timeouts": null
          }
        },
        {
          "address": "aws_ebs_snapshot.s1",
          "mode": "managed",
          "type": "aws_ebs_snapshot",
          "name": "s1",
          "provider_name": "registry.terraform.io/hashicorp/aws",
          "schema_version": 0,
          "values": {
            "description": null,
            "tags": null,
            "timeouts": null
          }
        },
        {
          "address": "aws_ebs_snapshot_copy.sc1",
          "mode": "managed",
          "type": "aws_ebs_snapshot_copy",
          "name": "sc1",
          "provider_name": "registry.terraform.io/hashicorp/aws",
          "schema_version": 0,
          "values": {
            "description": null,
            "encrypted": null,
            "kms_key_id": null,
            "source_region": "eu-west-1",
            "tags": null
          }
        },
        {
          "address": "aws_ebs_volume.v1",
          "mode": "managed",
          "type": "aws_ebs_volume",
          "name": "v1",
          "provider_name": "registry.terraform.io/hashicorp/aws",
          "schema_version": 0,
          "values": {
            "availability_zone": "eu-west-1a",
            "multi_attach_enabled": null,
            "outpost_arn": null,
            "size": 10,
            "tags": null
          }
        },
        {
          "address": "aws_ebs_volume.v2",
          "mode": "managed",
          "type": "aws_ebs_volume",
          "name": "v2",
          "provider_name": "registry.terraform.io/hashicorp/aws",
          "schema_version": 0,
          "values": {
            "availability_zone": "eu-west-1a",
            "multi_attach_enabled": null,
            "outpost_arn": null,
            "snapshot_id": "snapshot-123456",
            "tags": null
          }
        },
        {
          "address": "aws_ebs_volume.v3",
          "mode": "managed",
          "type": "aws_ebs_volume",
          "name": "v3",
          "provider_name": "registry.terraform.io/hashicorp/aws",
          "schema_version": 0,
          "values": {
            "availability_zone": "eu-west-1a",
            "multi_attach_enabled": null,
            "outpost_arn": null,
            "size": 30,
            "tags": null,
            "type": "sc1"
          }
        },
        {
          "address": "aws_ebs_volume.v4",
          "mode": "managed",
          "type": "aws_ebs_volume",
          "name": "v4",
          "provider_name": "registry.terraform.io/hashicorp/aws",
          "schema_version": 0,
          "values": {
            "availability_zone": "eu-west-1a",
            "iops": 100,
            "multi_attach_enabled": null,
            "outpost_arn": null,
            "size": 50,
            "tags": null,
            "type": "io2"
          }
        },
        {
          "address": "aws_ebs_volume.v5",
          "mode": "managed",
          "type": "aws_ebs_volume",
          "name": "v5",
          "provider_name": "registry.terraform.io/hashicorp/aws",
          "schema_version": 0,
          "values": {
            "availability_zone": "eu-west-1a",
            "multi_attach_enabled": null,
            "outpost_arn": null,
            "size": 20,
            "tags": null,
            "type": "gp3"
          }
        },
        {
          "address": "aws_ebs_volume.v6",
          "mode": "managed",
          "type": "aws_ebs_volume",
          "name": "v6",
          "provider_name": "registry.terraform.io/hashicorp/aws",
          "schema_version": 0,
          "values": {
            "availability_zone": "eu-west-1a",
            "multi_attach_enabled": null,
            "outpost_arn": null,
            "size": 50,
            "tags": null,
            "type": "gp2"
          }
        },
        {
          "address": "aws_ebs_volume.v7",
          "mode": "managed",
          "type": "aws_ebs_volume",
          "name": "v7",
          "provider_name": "registry.terraform.io/hashicorp/aws",
          "schema_version": 0,
          "values": {
            "availability_zone": "eu-west-1a",
            "iops": 150,
            "multi_attach_enabled": null,
            "outpost_arn": null,
            "size": 100,
            "tags": null,
            "type": "io1"
          }
        },
        {
          "address": "aws_ebs_volume.v8",
          "mode": "managed",
          "type": "aws_ebs_volume",
          "name": "v8",
          "provider_name": "registry.terraform.io/hashicorp/aws",
          "schema_version": 0,
          "values": {
            "availability_zone": "eu-west-1a",
            "multi_attach_enabled": null,
            "outpost_arn": null,
            "size": 100,
            "tags": null,
            "type": "st1"
          }
        },
        {
          "address": "aws_eip.nat",
          "mode": "managed",
          "type": "aws_eip",
          "name": "nat",
          "provider_name": "registry.terraform.io/hashicorp/aws",
          "schema_version": 0,
          "values": {
            "associate_with_private_ip": null,
            "customer_owned_ipv4_pool": null,
            "tags": null,
            "timeouts": null,
            "vpc": true
          }
        },
        {
          "address": "aws_elb.elb",
          "mode": "managed",
          "type": "aws_elb",
          "name": "elb",
          "provider_name": "registry.terraform.io/hashicorp/aws",
          "schema_version": 0,
          "values": {
            "access_logs": [],
            "connection_draining": false,
            "connection_draining_timeout": 300,
            "cross_zone_load_balancing": true,
            "idle_timeout": 60,
            "listener": [
              {
                "instance_port": 80,
                "instance_protocol": "HTTP",
                "lb_port": 80,
                "lb_protocol": "HTTP",
                "ssl_certificate_id": ""
              }
            ],
            "name_prefix": null,
            "subnets": [
              "subnet-6fe3d837",
              "subnet-9211eef5",
              "subnet-e29d66ab"
            ],
            "tags": null
          }
        },
        {
          "address": "aws_instance.i1",
          "mode": "managed",
          "type": "aws_instance",
          "name": "i1",
          "provider_name": "registry.terraform.io/hashicorp/aws",
          "schema_version": 1,
          "values": {
            "ami": "ami-0744c1fc56cc1c3e6",
            "credit_specification": [],
            "disable_api_termination": null,
            "ebs_optimized": null,
            "get_password_data": false,
            "hibernation": null,
            "iam_instance_profile": null,
            "instance_initiated_shutdown_behavior": null,
            "instance_type": "t3.small",
            "monitoring": null,
            "source_dest_check": true,
            "tags": null,
            "timeouts": null,
            "user_data": null,
            "user_data_base64": null,
            "volume_tags": null
          }
        },
        {
          "address": "aws_instance.i2",
          "mode": "managed",
          "type": "aws_instance",
          "name": "i2",
          "provider_name": "registry.terraform.io/hashicorp/aws",
          "schema_version": 1,
          "values": {
            "ami": "ami-0744c1fc56cc1c3e6",
            "credit_specification": [],
            "disable_api_termination": null,
            "ebs_optimized": null,
            "get_password_data": false,
            "hibernation": null,
            "iam_instance_profile": null,
            "instance_initiated_shutdown_behavior": null,
            "instance_type": "c5.large",
            "monitoring": null,
            "source_dest_check": true,
            "tags": null,
            "tenancy": "dedicated",
            "timeouts": null,
            "user_data": null,
            "user_data_base64": null,
            "volume_tags": null
          }
        },
        {
          "address": "aws_instance.i3",
          "mode": "managed",
          "type": "aws_instance",
          "name": "i3",
          "provider_name": "registry.terraform.io/hashicorp/aws",
          "schema_version": 1,
          "values": {
            "ami": "ami-0744c1fc56cc1c3e6",
            "credit_specification": [],
            "disable_api_termination": null,
            "ebs_block_device": [
              {
                "delete_on_termination": true,
                "device_name": "xvfa",
                "tags": null,
                "volume_size": 10
              },
              {
                "delete_on_termination": true,
                "device_name": "xvfb",
                "tags": null,
                "volume_size": 20,
                "volume_type": "sc1"
              },
              {
                "delete_on_termination": true,
                "device_name": "xvfc",
                "tags": null,
                "volume_size": 30,
                "volume_type": "st1"
              },
              {
                "delete_on_termination": true,
                "device_name": "xvfd",
                "tags": null,
                "volume_size": 40,
                "volume_type": "gp3"
              },
              {
                "delete_on_termination": true,
                "device_name": "xvfe",
                "iops": 2000,
                "tags": null,
                "volume_size": 50,
                "volume_type": "io1"
              }
            ],
            "ebs_optimized": null,
            "get_password_data": false,
            "hibernation": null,
            "iam_instance_profile": null,
            "instance_initiated_shutdown_behavior": null,
            "instance_type": "c5.xlarge",
            "monitoring": null,
            "root_block_device": [
              {
                "delete_on_termination": true,
                "iops": 220,
                "tags": null,
                "volume_type": "io1"
              }
            ],
            "source_dest_check": true,
            "tags": null,
            "tenancy": "dedicated",
            "timeouts": null,
            "user_data": null,
            "user_data_base64": null,
            "volume_tags": null
          }
        },
        {
          "address": "aws_lb.alb1",
          "mode": "managed",
          "type": "aws_lb",
          "name": "alb1",
          "provider_name": "registry.terraform.io/hashicorp/aws",
          "schema_version": 0,
          "values": {
            "access_logs": [],
            "customer_owned_ipv4_pool": null,
            "drop_invalid_header_fields": false,
            "enable_cross_zone_load_balancing": null,
            "enable_deletion_protection": false,
            "enable_http2": true,
            "idle_timeout": 60,
            "load_balancer_type": "application",
            "name_prefix": null,
            "subnets": [
              "subnet-6fe3d837",
              "subnet-9211eef5",
              "subnet-e29d66ab"
            ],
            "tags": null,
            "timeouts": null
          }
        },
        {
          "address": "aws_lb.nlb",
          "mode": "managed",
          "type": "aws_lb",
          "name": "nlb",
          "provider_name": "registry.terraform.io/hashicorp/aws",
          "schema_version": 0,
          "values": {
            "access_logs": [],
            "customer_owned_ipv4_pool": null,
            "drop_invalid_header_fields": null,
            "enable_cross_zone_load_balancing": false,
            "enable_deletion_protection": false,
            "enable_http2": null,
            "idle_timeout": null,
            "load_balancer_type": "network",
            "name_prefix": null,
            "subnets": [
              "subnet-6fe3d837",
              "subnet-9211eef5",
              "subnet-e29d66ab"
            ],
            "tags": null,
            "timeouts": null
          }
        },
        {
          "address": "aws_lb.undefined_type",
          "mode": "managed",
          "type": "aws_lb",
          "name": "undefined_type",
          "provider_name": "registry.terraform.io/hashicorp/aws",
          "schema_version": 0,
          "values": {
            "access_logs": [],
            "customer_owned_ipv4_pool": null,
            "drop_invalid_header_fields": false,
            "enable_cross_zone_load_balancing": null,
            "enable_deletion_protection": false,
            "enable_http2": true,
            "idle_timeout": 60,
            "load_balancer_type": "application",
            "name_prefix": null,
            "subnets": [
              "subnet-6fe3d837",
              "subnet-9211eef5",
              "subnet-e29d66ab"
            ],
            "tags": null,
            "timeouts": null
          }
        },
        {
          "address": "aws_nat_gateway.nat",
          "mode": "managed",
          "type": "aws_nat_gateway",
          "name": "nat",
          "provider_name": "registry.terraform.io/hashicorp/aws",
          "schema_version": 0,
          "values": {
            "subnet_id": "subnet-6fe3d837",
            "tags": null
          }
        },
        {
          "address": "aws_redshift_cluster.r1",
          "mode": "managed",
          "type": "aws_redshift_cluster",
          "name": "r1",
          "provider_name": "registry.terraform.io/hashicorp/aws",
          "schema_version": 0,
          "values": {
            "allow_version_upgrade": true,
            "automated_snapshot_retention_period": 1,
            "cluster_identifier": "redshift-cluster1",
            "cluster_version": "1.0",
            "elastic_ip": null,
            "encrypted": false,
            "final_snapshot_identifier": null,
            "logging": [],
            "master_password": null,
            "master_username": null,
            "node_type": "dc2.large",
            "number_of_nodes": 1,
            "owner_account": null,
            "port": 5439,
            "publicly_accessible": true,
            "skip_final_snapshot": false,
            "snapshot_cluster_identifier": null,
            "snapshot_copy": [],
            "snapshot_identifier": null,
            "tags": null,
            "timeouts": null
          }
        },
        {
          "address": "aws_redshift_cluster.r2",
          "mode": "managed",
          "type": "aws_redshift_cluster",
          "name": "r2",
          "provider_name": "registry.terraform.io/hashicorp/aws",
          "schema_version": 0,
          "values": {
            "allow_version_upgrade": true,
            "automated_snapshot_retention_period": 1,
            "cluster_identifier": "redshift-cluster2",
            "cluster_version": "1.0",
            "elastic_ip": null,
            "encrypted": false,
            "final_snapshot_identifier": null,
            "logging": [],
            "master_password": null,
            "master_username": null,
            "node_type": "ds2.8xlarge",
            "number_of_nodes": 3,
            "owner_account": null,
            "port": 5439,
            "publicly_accessible": true,
            "skip_final_snapshot": false,
            "snapshot_cluster_identifier": null,
            "snapshot_copy": [],
            "snapshot_identifier": null,
            "tags": null,
            "timeouts": null
          }
        }
      ]
    }
  },
  "resource_changes": [
    {
      "address": "aws_alb.alb2",
      "mode": "managed",
      "type": "aws_alb",
      "name": "alb2",
      "provider_name": "registry.terraform.io/hashicorp/aws",
      "change": {
        "actions": [
          "create"
        ],
        "before": null,
        "after": {
          "access_logs": [],
          "customer_owned_ipv4_pool": null,
          "drop_invalid_header_fields": false,
          "enable_cross_zone_load_balancing": null,
          "enable_deletion_protection": false,
          "enable_http2": true,
          "idle_timeout": 60,
          "load_balancer_type": "application",
          "name_prefix": null,
          "subnets": [
            "subnet-6fe3d837",
            "subnet-9211eef5",
            "subnet-e29d66ab"
          ],
          "tags": null,
          "timeouts": null
        },
        "after_unknown": {
          "access_logs": [],
          "arn": true,
          "arn_suffix": true,
          "dns_name": true,
          "id": true,
          "internal": true,
          "ip_address_type": true,
          "name": true,
          "security_groups": true,
          "subnet_mapping": true,
          "subnets": [
            false,
            false,
            false
          ],
          "vpc_id": true,
          "zone_id": true
        }
      }
    },
    {
      "address": "aws_db_instance.d1",
      "mode": "managed",
      "type": "aws_db_instance",
      "name": "d1",
      "provider_name": "registry.terraform.io/hashicorp/aws",
      "change": {
        "actions": [
          "create"
        ],
        "before": null,
        "after": {
          "allow_major_version_upgrade": null,
          "auto_minor_version_upgrade": true,
          "copy_tags_to_snapshot": false,
          "delete_automated_backups": true,
          "deletion_protection": null,
          "domain": null,
          "domain_iam_role_name": null,
          "enabled_cloudwatch_logs_exports": null,
          "engine": "mysql",
          "final_snapshot_identifier": null,
          "iam_database_authentication_enabled": null,
          "instance_class": "db.t3.large",
          "iops": null,
          "max_allocated_storage": null,
          "monitoring_interval": 0,
          "password": null,
          "performance_insights_enabled": false,
          "publicly_accessible": false,
          "replicate_source_db": null,
          "restore_to_point_in_time": [],
          "s3_import": [],
          "security_group_names": null,
          "skip_final_snapshot": false,
          "snapshot_identifier": null,
          "storage_encrypted": null,
          "tags": null,
          "timeouts": null
        },
        "after_unknown": {
          "address": true,
          "allocated_storage": true,
          "apply_immediately": true,
          "arn": true,
          "availability_zone": true,
          "backup_retention_period": true,
          "backup_window": true,
          "ca_cert_identifier": true,
          "character_set_name": true,
          "db_subnet_group_name": true,
          "endpoint": true,
          "engine_version": true,
          "hosted_zone_id": true,
          "id": true,
          "identifier": true,
          "identifier_prefix": true,
          "kms_key_id": true,
          "latest_restorable_time": true,
          "license_model": true,
          "maintenance_window": true,
          "monitoring_role_arn": true,
          "multi_az": true,
          "name": true,
          "option_group_name": true,
          "parameter_group_name": true,
          "performance_insights_kms_key_id": true,
          "performance_insights_retention_period": true,
          "port": true,
          "replicas": true,
          "resource_id": true,
          "restore_to_point_in_time": [],
          "s3_import": [],
          "status": true,
          "storage_type": true,
          "timezone": true,
          "username": true,
          "vpc_security_group_ids": true
        }
      }
    },
    {
      "address": "aws_db_instance.d10",
      "mode": "managed",
      "type": "aws_db_instance",
      "name": "d10",
      "provider_name": "registry.terraform.io/hashicorp/aws",
      "change": {
        "actions": [
          "create"
        ],
        "before": null,
        "after": {
          "allocated_storage": 40,
          "allow_major_version_upgrade": null,
          "auto_minor_version_upgrade": true,
          "copy_tags_to_snapshot": false,
          "delete_automated_backups": true,
          "deletion_protection": null,
          "domain": null,
          "domain_iam_role_name": null,
          "enabled_cloudwatch_logs_exports": null,
          "engine": "mariadb",
          "final_snapshot_identifier": null,
          "iam_database_authentication_enabled": null,
          "instance_class": "db.t3.large",
          "iops": null,
          "max_allocated_storage": null,
          "monitoring_interval": 0,
          "password": null,
          "performance_insights_enabled": false,
          "publicly_accessible": false,
          "replicate_source_db": null,
          "restore_to_point_in_time": [],
          "s3_import": [],
          "security_group_names": null,
          "skip_final_snapshot": false,
          "snapshot_identifier": null,
          "storage_encrypted": null,
          "storage_type": "gp2",
          "tags": null,
          "timeouts": null
        },
        "after_unknown": {
          "address": true,
          "apply_immediately": true,
          "arn": true,
          "availability_zone": true,
          "backup_retention_period": true,
          "backup_window": true,
          "ca_cert_identifier": true,
          "character_set_name": true,
          "db_subnet_group_name": true,
          "endpoint": true,
          "engine_version": true,
          "hosted_zone_id": true,
          "id": true,
          "identifier": true,
          "identifier_prefix": true,
          "kms_key_id": true,
          "latest_restorable_time": true,
          "license_model": true,
          "maintenance_window": true,
          "monitoring_role_arn": true,
          "multi_az": true,
          "name": true,
          "option_group_name": true,
          "parameter_group_name": true,
          "performance_insights_kms_key_id": true,
          "performance_insights_retention_period": true,
          "port": true,
          "replicas": true,
          "resource_id": true,
          "restore_to_point_in_time": [],
          "s3_import": [],
          "status": true,
          "timezone": true,
          "username": true,
          "vpc_security_group_ids": true
        }
      }
    },
    {
      "address": "aws_db_instance.d2",
      "mode": "managed",
      "type": "aws_db_instance",
      "name": "d2",
      "provider_name": "registry.terraform.io/hashicorp/aws",
      "change": {
        "actions": [
          "create"
        ],
        "before": null,
        "after": {
          "allocated_storage": 20,
          "allow_major_version_upgrade": null,
          "auto_minor_version_upgrade": true,
          "copy_tags_to_snapshot": false,
          "delete_automated_backups": true,
          "deletion_protection": null,
          "domain": null,
          "domain_iam_role_name": null,
          "enabled_cloudwatch_logs_exports": null,
          "engine": "mysql",
          "final_snapshot_identifier": null,
          "iam_database_authentication_enabled": null,
          "instance_class": "db.t3.small",
          "iops": 230,
          "max_allocated_storage": null,
          "monitoring_interval": 0,
          "password": null,
          "performance_insights_enabled": false,
          "publicly_accessible": false,
          "replicate_source_db": null,
          "restore_to_point_in_time": [],
          "s3_import": [],
          "security_group_names": null,
          "skip_final_snapshot": false,
          "snapshot_identifier": null,
          "storage_encrypted": null,
          "storage_type": "io1",
          "tags": null,
          "timeouts": null
        },
        "after_unknown": {
          "address": true,
          "apply_immediately": true,
          "arn": true,
          "availability_zone": true,
          "backup_retention_period": true,
          "backup_window": true,
          "ca_cert_identifier": true,
          "character_set_name": true,
          "db_subnet_group_name": true,
          "endpoint": true,
          "engine_version": true,
          "hosted_zone_id": true,
          "id": true,
          "identifier": true,
          "identifier_prefix": true,
          "kms_key_id": true,
          "latest_restorable_time": true,
          "license_model": true,
          "maintenance_window": true,
          "monitoring_role_arn": true,
          "multi_az": true,
          "name": true,
          "option_group_name": true,
          "parameter_group_name": true,
          "performance_insights_kms_key_id": true,
          "performance_insights_retention_period": true,
          "port": true,
          "replicas": true,
          "resource_id": true,
          "restore_to_point_in_time": [],
          "s3_import": [],
          "status": true,
          "timezone": true,
          "username": true,
          "vpc_security_group_ids": true
        }
      }
    },
    {
      "address": "aws_db_instance.d3",
      "mode": "managed",
      "type": "aws_db_instance",
      "name": "d3",
      "provider_name": "registry.terraform.io/hashicorp/aws",
      "change": {
        "actions": [
          "create"
        ],
        "before": null,
        "after": {
          "allocated_storage": 10,
          "allow_major_version_upgrade": null,
          "auto_minor_version_upgrade": true,
          "copy_tags_to_snapshot": false,
          "delete_automated_backups": true,
          "deletion_protection": null,
          "domain": null,
          "domain_iam_role_name": null,
          "enabled_cloudwatch_logs_exports": null,
          "engine": "postgres",
          "final_snapshot_identifier": null,
          "iam_database_authentication_enabled": null,
          "instance_class": "db.t3.small",
          "iops": null,
          "max_allocated_storage": null,
          "monitoring_interval": 0,
          "password": null,
          "performance_insights_enabled": false,
          "publicly_accessible": false,
          "replicate_source_db": null,
          "restore_to_point_in_time": [],
          "s3_import": [],
          "security_group_names": null,
          "skip_final_snapshot": false,
          "snapshot_identifier": null,
          "storage_encrypted": null,
          "storage_type": "gp2",
          "tags": null,
          "timeouts": null
        },
        "after_unknown": {
          "address": true,
          "apply_immediately": true,
          "arn": true,
          "availability_zone": true,
          "backup_retention_period": true,
          "backup_window": true,
          "ca_cert_identifier": true,
          "character_set_name": true,
          "db_subnet_group_name": true,
          "endpoint": true,
          "engine_version": true,
          "hosted_zone_id": true,
          "id": true,
          "identifier": true,
          "identifier_prefix": true,
          "kms_key_id": true,
          "latest_restorable_time": true,
          "license_model": true,
          "maintenance_window": true,
          "monitoring_role_arn": true,
          "multi_az": true,
          "name": true,
          "option_group_name": true,
          "parameter_group_name": true,
          "performance_insights_kms_key_id": true,
          "performance_insights_retention_period": true,
          "port": true,
          "replicas": true,
          "resource_id": true,
          "restore_to_point_in_time": [],
          "s3_import": [],
          "status": true,
          "timezone": true,
          "username": true,
          "vpc_security_group_ids": true
        }
      }
    },
    {
      "address": "aws_db_instance.d4",
      "mode": "managed",
      "type": "aws_db_instance",
      "name": "d4",
      "provider_name": "registry.terraform.io/hashicorp/aws",
      "change": {
        "actions": [
          "create"
        ],
        "before": null,
        "after": {
          "allocated_storage": 10,
          "allow_major_version_upgrade": null,
          "auto_minor_version_upgrade": true,
          "copy_tags_to_snapshot": false,
          "delete_automated_backups": true,
          "deletion_protection": null,
          "domain": null,
          "domain_iam_role_name": null,
          "enabled_cloudwatch_logs_exports": null,
          "engine": "postgres",
          "final_snapshot_identifier": null,
          "iam_database_authentication_enabled": null,
          "instance_class": "db.t3.small",
          "iops": null,
          "max_allocated_storage": null,
          "monitoring_interval": 0,
          "multi_az": true,
          "password": null,
          "performance_insights_enabled": false,
          "publicly_accessible": false,
          "replicate_source_db": null,
          "restore_to_point_in_time": [],
          "s3_import": [],
          "security_group_names": null,
          "skip_final_snapshot": false,
          "snapshot_identifier": null,
          "storage_encrypted": null,
          "storage_type": "gp2",
          "tags": null,
          "timeouts": null
        },
        "after_unknown": {
          "address": true,
          "apply_immediately": true,
          "arn": true,
          "availability_zone": true,
          "backup_retention_period": true,
          "backup_window": true,
          "ca_cert_identifier": true,
          "character_set_name": true,
          "db_subnet_group_name": true,
          "endpoint": true,
          "engine_version": true,
          "hosted_zone_id": true,
          "id": true,
          "identifier": true,
          "identifier_prefix": true,
          "kms_key_id": true,
          "latest_restorable_time": true,
          "license_model": true,
          "maintenance_window": true,
          "monitoring_role_arn": true,
          "name": true,
          "option_group_name": true,
          "parameter_group_name": true,
          "performance_insights_kms_key_id": true,
          "performance_insights_retention_period": true,
          "port": true,
          "replicas": true,
          "resource_id": true,
          "restore_to_point_in_time": [],
          "s3_import": [],
          "status": true,
          "timezone": true,
          "username": true,
          "vpc_security_group_ids": true
        }
      }
    },
    {
      "address": "aws_db_instance.d5",
      "mode": "managed",
      "type": "aws_db_instance",
      "name": "d5",
      "provider_name": "registry.terraform.io/hashicorp/aws",
      "change": {
        "actions": [
          "create"
        ],
        "before": null,
        "after": {
          "allocated_storage": 30,
          "allow_major_version_upgrade": null,
          "auto_minor_version_upgrade": true,
          "copy_tags_to_snapshot": false,
          "delete_automated_backups": true,
          "deletion_protection": null,
          "domain": null,
          "domain_iam_role_name": null,
          "enabled_cloudwatch_logs_exports": null,
          "engine": "sqlserver-ex",
          "final_snapshot_identifier": null,
          "iam_database_authentication_enabled": null,
          "instance_class": "db.t3.medium",
          "iops": null,
          "max_allocated_storage": null,
          "monitoring_interval": 0,
          "password": null,
          "performance_insights_enabled": false,
          "publicly_accessible": false,
          "replicate_source_db": null,
          "restore_to_point_in_time": [],
          "s3_import": [],
          "security_group_names": null,
          "skip_final_snapshot": false,
          "snapshot_identifier": null,
          "storage_encrypted": null,
          "storage_type": "gp2",
          "tags": null,
          "timeouts": null
        },
        "after_unknown": {
          "address": true,
          "apply_immediately": true,
          "arn": true,
          "availability_zone": true,
          "backup_retention_period": true,
          "backup_window": true,
          "ca_cert_identifier": true,
          "character_set_name": true,
          "db_subnet_group_name": true,
          "endpoint": true,
          "engine_version": true,
          "hosted_zone_id": true,
          "id": true,
          "identifier": true,
          "identifier_prefix": true,
          "kms_key_id": true,
          "latest_restorable_time": true,
          "license_model": true,
          "maintenance_window": true,
          "monitoring_role_arn": true,
          "multi_az": true,
          "name": true,
          "option_group_name": true,
          "parameter_group_name": true,
          "performance_insights_kms_key_id": true,
          "performance_insights_retention_period": true,
          "port": true,
          "replicas": true,
          "resource_id": true,
          "restore_to_point_in_time": [],
          "s3_import": [],
          "status": true,
          "timezone": true,
          "username": true,
          "vpc_security_group_ids": true
        }
      }
    },
    {
      "address": "aws_db_instance.d6",
      "mode": "managed",
      "type": "aws_db_instance",
      "name": "d6",
      "provider_name": "registry.terraform.io/hashicorp/aws",
      "change": {
        "actions": [
          "create"
        ],
        "before": null,
        "after": {
          "allocated_storage": 30,
          "allow_major_version_upgrade": null,
          "auto_minor_version_upgrade": true,
          "copy_tags_to_snapshot": false,
          "delete_automated_backups": true,
          "deletion_protection": null,
          "domain": null,
          "domain_iam_role_name": null,
          "enabled_cloudwatch_logs_exports": null,
          "engine": "sqlserver-ee",
          "final_snapshot_identifier": null,
          "iam_database_authentication_enabled": null,
          "instance_class": "db.r5.xlarge",
          "iops": null,
          "max_allocated_storage": null,
          "monitoring_interval": 0,
          "password": null,
          "performance_insights_enabled": false,
          "publicly_accessible": false,
          "replicate_source_db": null,
          "restore_to_point_in_time": [],
          "s3_import": [],
          "security_group_names": null,
          "skip_final_snapshot": false,
          "snapshot_identifier": null,
          "storage_encrypted": null,
          "storage_type": "gp2",
          "tags": null,
          "timeouts": null
        },
        "after_unknown": {
          "address": true,
          "apply_immediately": true,
          "arn": true,
          "availability_zone": true,
          "backup_retention_period": true,
          "backup_window": true,
          "ca_cert_identifier": true,
          "character_set_name": true,
          "db_subnet_group_name": true,
          "endpoint": true,
          "engine_version": true,
          "hosted_zone_id": true,
          "id": true,
          "identifier": true,
          "identifier_prefix": true,
          "kms_key_id": true,
          "latest_restorable_time": true,
          "license_model": true,
          "maintenance_window": true,
          "monitoring_role_arn": true,
          "multi_az": true,
          "name": true,
          "option_group_name": true,
          "parameter_group_name": true,
          "performance_insights_kms_key_id": true,
          "performance_insights_retention_period": true,
          "port": true,
          "replicas": true,
          "resource_id": true,
          "restore_to_point_in_time": [],
          "s3_import": [],
          "status": true,
          "timezone": true,
          "username": true,
          "vpc_security_group_ids": true
        }
      }
    },
    {
      "address": "aws_db_instance.d7",
      "mode": "managed",
      "type": "aws_db_instance",
      "name": "d7",
      "provider_name": "registry.terraform.io/hashicorp/aws",
      "change": {
        "actions": [
          "create"
        ],
        "before": null,
        "after": {
          "allocated_storage": 30,
          "allow_major_version_upgrade": null,
          "auto_minor_version_upgrade": true,
          "copy_tags_to_snapshot": false,
          "delete_automated_backups": true,
          "deletion_protection": null,
          "domain": null,
          "domain_iam_role_name": null,
          "enabled_cloudwatch_logs_exports": null,
          "engine": "sqlserver-se",
          "final_snapshot_identifier": null,
          "iam_database_authentication_enabled": null,
          "instance_class": "db.r5.xlarge",
          "iops": null,
          "max_allocated_storage": null,
          "monitoring_interval": 0,
          "password": null,
          "performance_insights_enabled": false,
          "publicly_accessible": false,
          "replicate_source_db": null,
          "restore_to_point_in_time": [],
          "s3_import": [],
          "security_group_names": null,
          "skip_final_snapshot": false,
          "snapshot_identifier": null,
          "storage_encrypted": null,
          "storage_type": "gp2",
          "tags": null,
          "timeouts": null
        },
        "after_unknown": {
          "address": true,
          "apply_immediately": true,
          "arn": true,
          "availability_zone": true,
          "backup_retention_period": true,
          "backup_window": true,
          "ca_cert_identifier": true,
          "character_set_name": true,
          "db_subnet_group_name": true,
          "endpoint": true,
          "engine_version": true,
          "hosted_zone_id": true,
          "id": true,
          "identifier": true,
          "identifier_prefix": true,
          "kms_key_id": true,
          "latest_restorable_time": true,
          "license_model": true,
          "maintenance_window": true,
          "monitoring_role_arn": true,
          "multi_az": true,
          "name": true,
          "option_group_name": true,
          "parameter_group_name": true,
          "performance_insights_kms_key_id": true,
          "performance_insights_retention_period": true,
          "port": true,
          "replicas": true,
          "resource_id": true,
          "restore_to_point_in_time": [],
          "s3_import": [],
          "status": true,
          "timezone": true,
          "username": true,
          "vpc_security_group_ids": true
        }
      }
    },
    {
      "address": "aws_db_instance.d8",
      "mode": "managed",
      "type": "aws_db_instance",
      "name": "d8",
      "provider_name": "registry.terraform.io/hashicorp/aws",
      "change": {
        "actions": [
          "create"
        ],
        "before": null,
        "after": {
          "allocated_storage": 30,
          "allow_major_version_upgrade": null,
          "auto_minor_version_upgrade": true,
          "copy_tags_to_snapshot": false,
          "delete_automated_backups": true,
          "deletion_protection": null,
          "domain": null,
          "domain_iam_role_name": null,
          "enabled_cloudwatch_logs_exports": null,
          "engine": "sqlserver-web",
          "final_snapshot_identifier": null,
          "iam_database_authentication_enabled": null,
          "instance_class": "db.r5.xlarge",
          "iops": null,
          "max_allocated_storage": null,
          "monitoring_interval": 0,
          "password": null,
          "performance_insights_enabled": false,
          "publicly_accessible": false,
          "replicate_source_db": null,
          "restore_to_point_in_time": [],
          "s3_import": [],
          "security_group_names": null,
          "skip_final_snapshot": false,
          "snapshot_identifier": null,
          "storage_encrypted": null,
          "storage_type": "gp2",
          "tags": null,
          "timeouts": null
        },
        "after_unknown": {
          "address": true,
          "apply_immediately": true,
          "arn": true,
          "availability_zone": true,
          "backup_retention_period": true,
          "backup_window": true,
          "ca_cert_identifier": true,
          "character_set_name": true,
          "db_subnet_group_name": true,
          "endpoint": true,
          "engine_version": true,
          "hosted_zone_id": true,
          "id": true,
          "identifier": true,
          "identifier_prefix": true,
          "kms_key_id": true,
          "latest_restorable_time": true,
          "license_model": true,
          "maintenance_window": true,
          "monitoring_role_arn": true,
          "multi_az": true,
          "name": true,
          "option_group_name": true,
          "parameter_group_name": true,
          "performance_insights_kms_key_id": true,
          "performance_insights_retention_period": true,
          "port": true,
          "replicas": true,
          "resource_id": true,
          "restore_to_point_in_time": [],
          "s3_import": [],
          "status": true,
          "timezone": true,
          "username": true,
          "vpc_security_group_ids": true
        }
      }
    },
    {
      "address": "aws_db_instance.d9",
      "mode": "managed",
      "type": "aws_db_instance",
      "name": "d9",
      "provider_name": "registry.terraform.io/hashicorp/aws",
      "change": {
        "actions": [
          "create"
        ],
        "before": null,
        "after": {
          "allocated_storage": 40,
          "allow_major_version_upgrade": null,
          "auto_minor_version_upgrade": true,
          "copy_tags_to_snapshot": false,
          "delete_automated_backups": true,
          "deletion_protection": null,
          "domain": null,
          "domain_iam_role_name": null,
          "enabled_cloudwatch_logs_exports": null,
          "engine": "oracle-ee",
          "final_snapshot_identifier": null,
          "iam_database_authentication_enabled": null,
          "instance_class": "db.t3.large",
          "iops": null,
          "max_allocated_storage": null,
          "monitoring_interval": 0,
          "password": null,
          "performance_insights_enabled": false,
          "publicly_accessible": false,
          "replicate_source_db": null,
          "restore_to_point_in_time": [],
          "s3_import": [],
          "security_group_names": null,
          "skip_final_snapshot": false,
          "snapshot_identifier": null,
          "storage_encrypted": null,
          "storage_type": "gp2",
          "tags": null,
          "timeouts": null
        },
        "after_unknown": {
          "address": true,
          "apply_immediately": true,
          "arn": true,
          "availability_zone": true,
          "backup_retention_period": true,
          "backup_window": true,
          "ca_cert_identifier": true,
          "character_set_name": true,
          "db_subnet_group_name": true,
          "endpoint": true,
          "engine_version": true,
          "hosted_zone_id": true,
          "id": true,
          "identifier": true,
          "identifier_prefix": true,
          "kms_key_id": true,
          "latest_restorable_time": true,
          "license_model": true,
          "maintenance_window": true,
          "monitoring_role_arn": true,
          "multi_az": true,
          "name": true,
          "option_group_name": true,
          "parameter_group_name": true,
          "performance_insights_kms_key_id": true,
          "performance_insights_retention_period": true,
          "port": true,
          "replicas": true,
          "resource_id": true,
          "restore_to_point_in_time": [],
          "s3_import": [],
          "status": true,
          "timezone": true,
          "username": true,
          "vpc_security_group_ids": true
        }
      }
    },
    {
      "address": "aws_ebs_snapshot.s1",
      "mode": "managed",
      "type": "aws_ebs_snapshot",
      "name": "s1",
      "provider_name": "registry.terraform.io/hashicorp/aws",
      "change": {
        "actions": [
          "create"
        ],
        "before": null,
        "after": {
          "description": null,
          "tags": null,
          "timeouts": null
        },
        "after_unknown": {
          "arn": true,
          "data_encryption_key_id": true,
          "encrypted": true,
          "id": true,
          "kms_key_id": true,
          "owner_alias": true,
          "owner_id": true,
          "volume_id": true,
          "volume_size": true
        }
      }
    },
    {
      "address": "aws_ebs_snapshot_copy.sc1",
      "mode": "managed",
      "type": "aws_ebs_snapshot_copy",
      "name": "sc1",
      "provider_name": "registry.terraform.io/hashicorp/aws",
      "change": {
        "actions": [
          "create"
        ],
        "before": null,
        "after": {
          "description": null,
          "encrypted": null,
          "kms_key_id": null,
          "source_region": "eu-west-1",
          "tags": null
        },
        "after_unknown": {
          "arn": true,
          "data_encryption_key_id": true,
          "id": true,
          "owner_alias": true,
          "owner_id": true,
          "source_snapshot_id": true,
          "volume_id": true,
          "volume_size": true
        }
      }
    },
    {
      "address": "aws_ebs_volume.v1",
      "mode": "managed",
      "type": "aws_ebs_volume",
      "name": "v1",
      "provider_name": "registry.terraform.io/hashicorp/aws",
      "change": {
        "actions": [
          "create"
        ],
        "before": null,
        "after": {
          "availability_zone": "eu-west-1a",
          "multi_attach_enabled": null,
          "outpost_arn": null,
          "size": 10,
          "tags": null
        },
        "after_unknown": {
          "arn": true,
          "encrypted": true,
          "id": true,
          "iops": true,
          "kms_key_id": true,
          "snapshot_id": true,
          "throughput": true,
          "type": true
        }
      }
    },
    {
      "address": "aws_ebs_volume.v2",
      "mode": "managed",
      "type": "aws_ebs_volume",
      "name": "v2",
      "provider_name": "registry.terraform.io/hashicorp/aws",
      "change": {
        "actions": [
          "create"
        ],
        "before": null,
        "after": {
          "availability_zone": "eu-west-1a",
          "multi_attach_enabled": null,
          "outpost_arn": null,
          "snapshot_id": "snapshot-123456",
          "tags": null
        },
        "after_unknown": {
          "arn": true,
          "encrypted": true,
          "id": true,
          "iops": true,
          "kms_key_id": true,
          "size": true,
          "throughput": true,
          "type": true
        }
      }
    },
    {
      "address": "aws_ebs_volume.v3",
      "mode": "managed",
      "type": "aws_ebs_volume",
      "name": "v3",
      "provider_name": "registry.terraform.io/hashicorp/aws",
      "change": {
        "actions": [
          "create"
        ],
        "before": null,
        "after": {
          "availability_zone": "eu-west-1a",
          "multi_attach_enabled": null,
          "outpost_arn": null,
          "size": 30,
          "tags": null,
          "type": "sc1"
        },
        "after_unknown": {
          "arn": true,
          "encrypted": true,
          "id": true,
          "iops": true,
          "kms_key_id": true,
          "snapshot_id": true,
          "throughput": true
        }
      }
    },
    {
      "address": "aws_ebs_volume.v4",
      "mode": "managed",
      "type": "aws_ebs_volume",
      "name": "v4",
      "provider_name": "registry.terraform.io/hashicorp/aws",
      "change": {
        "actions": [
          "create"
        ],
        "before": null,
        "after": {
          "availability_zone": "eu-west-1a",
          "iops": 100,
          "multi_attach_enabled": null,
          "outpost_arn": null,
          "size": 50,
          "tags": null,
          "type": "io2"
        },
        "after_unknown": {
          "arn": true,
          "encrypted": true,
          "id": true,
          "kms_key_id": true,
          "snapshot_id": true,
          "throughput": true
        }
      }
    },
    {
      "address": "aws_ebs_volume.v5",
      "mode": "managed",
      "type": "aws_ebs_volume",
      "name": "v5",
      "provider_name": "registry.terraform.io/hashicorp/aws",
      "change": {
        "actions": [
          "create"
        ],
        "before": null,
        "after": {
          "availability_zone": "eu-west-1a",
          "multi_attach_enabled": null,
          "outpost_arn": null,
          "size": 20,
          "tags": null,
          "type": "gp3"
        },
        "after_unknown": {
          "arn": true,
          "encrypted": true,
          "id": true,
          "iops": true,
          "kms_key_id": true,
          "snapshot_id": true,
          "throughput": true
        }
      }
    },
    {
      "address": "aws_ebs_volume.v6",
      "mode": "managed",
      "type": "aws_ebs_volume",
      "name": "v6",
      "provider_name": "registry.terraform.io/hashicorp/aws",
      "change": {
        "actions": [
          "create"
        ],
        "before": null,
        "after": {
          "availability_zone": "eu-west-1a",
          "multi_attach_enabled": null,
          "outpost_arn": null,
          "size": 50,
          "tags": null,
          "type": "gp2"
        },
        "after_unknown": {
          "arn": true,
          "encrypted": true,
          "id": true,
          "iops": true,
          "kms_key_id": true,
          "snapshot_id": true,
          "throughput": true
        }
      }
    },
    {
      "address": "aws_ebs_volume.v7",
      "mode": "managed",
      "type": "aws_ebs_volume",
      "name": "v7",
      "provider_name": "registry.terraform.io/hashicorp/aws",
      "change": {
        "actions": [
          "create"
        ],
        "before": null,
        "after": {
          "availability_zone": "eu-west-1a",
          "iops": 150,
          "multi_attach_enabled": null,
          "outpost_arn": null,
          "size": 100,
          "tags": null,
          "type": "io1"
        },
        "after_unknown": {
          "arn": true,
          "encrypted": true,
          "id": true,
          "kms_key_id": true,
          "snapshot_id": true,
          "throughput": true
        }
      }
    },
    {
      "address": "aws_ebs_volume.v8",
      "mode": "managed",
      "type": "aws_ebs_volume",
      "name": "v8",
      "provider_name": "registry.terraform.io/hashicorp/aws",
      "change": {
        "actions": [
          "create"
        ],
        "before": null,
        "after": {
          "availability_zone": "eu-west-1a",
          "multi_attach_enabled": null,
          "outpost_arn": null,
          "size": 100,
          "tags": null,
          "type": "st1"
        },
        "after_unknown": {
          "arn": true,
          "encrypted": true,
          "id": true,
          "iops": true,
          "kms_key_id": true,
          "snapshot_id": true,
          "throughput": true
        }
      }
    },
    {
      "address": "aws_eip.nat",
      "mode": "managed",
      "type": "aws_eip",
      "name": "nat",
      "provider_name": "registry.terraform.io/hashicorp/aws",
      "change": {
        "actions": [
          "create"
        ],
        "before": null,
        "after": {
          "associate_with_private_ip": null,
          "customer_owned_ipv4_pool": null,
          "tags": null,
          "timeouts": null,
          "vpc": true
        },
        "after_unknown": {
          "allocation_id": true,
          "association_id": true,
          "carrier_ip": true,
          "customer_owned_ip": true,
          "domain": true,
          "id": true,
          "instance": true,
          "network_border_group": true,
          "network_interface": true,
          "private_dns": true,
          "private_ip": true,
          "public_dns": true,
          "public_ip": true,
          "public_ipv4_pool": true
        }
      }
    },
    {
      "address": "aws_elb.elb",
      "mode": "managed",
      "type": "aws_elb",
      "name": "elb",
      "provider_name": "registry.terraform.io/hashicorp/aws",
      "change": {
        "actions": [
          "create"
        ],
        "before": null,
        "after": {
          "access_logs": [],
          "connection_draining": false,
          "connection_draining_timeout": 300,
          "cross_zone_load_balancing": true,
          "idle_timeout": 60,
          "listener": [
            {
              "instance_port": 80,
              "instance_protocol": "HTTP",
              "lb_port": 80,
              "lb_protocol": "HTTP",
              "ssl_certificate_id": ""
            }
          ],
          "name_prefix": null,
          "subnets": [
            "subnet-6fe3d837",
            "subnet-9211eef5",
            "subnet-e29d66ab"
          ],
          "tags": null
        },
        "after_unknown": {
          "access_logs": [],
          "arn": true,
          "availability_zones": true,
          "dns_name": true,
          "health_check": true,
          "id": true,
          "instances": true,
          "internal": true,
          "listener": [
            {}
          ],
          "name": true,
          "security_groups": true,
          "source_security_group": true,
          "source_security_group_id": true,
          "subnets": [
            false,
            false,
            false
          ],
          "zone_id": true
        }
      }
    },
    {
      "address": "aws_instance.i1",
      "mode": "managed",
      "type": "aws_instance",
      "name": "i1",
      "provider_name": "registry.terraform.io/hashicorp/aws",
      "change": {
        "actions": [
          "create"
        ],
        "before": null,
        "after": {
          "ami": "ami-0744c1fc56cc1c3e6",
          "credit_specification": [],
          "disable_api_termination": null,
          "ebs_optimized": null,
          "get_password_data": false,
          "hibernation": null,
          "iam_instance_profile": null,
          "instance_initiated_shutdown_behavior": null,
          "instance_type": "t3.small",
          "monitoring": null,
          "source_dest_check": true,
          "tags": null,
          "timeouts": null,
          "user_data": null,
          "user_data_base64": null,
          "volume_tags": null
        },
        "after_unknown": {
          "arn": true,
          "associate_public_ip_address": true,
          "availability_zone": true,
          "cpu_core_count": true,
          "cpu_threads_per_core": true,
          "credit_specification": [],
          "ebs_block_device": true,
          "enclave_options": true,
          "ephemeral_block_device": true,
          "host_id": true,
          "id": true,
          "instance_state": true,
          "ipv6_address_count": true,
          "ipv6_addresses": true,
          "key_name": true,
          "metadata_options": true,
          "network_interface": true,
          "outpost_arn": true,
          "password_data": true,
          "placement_group": true,
          "primary_network_interface_id": true,
          "private_dns": true,
          "private_ip": true,
          "public_dns": true,
          "public_ip": true,
          "root_block_device": true,
          "secondary_private_ips": true,
          "security_groups": true,
          "subnet_id": true,
          "tenancy": true,
          "vpc_security_group_ids": true
        }
      }
    },
    {
      "address": "aws_instance.i2",
      "mode": "managed",
      "type": "aws_instance",
      "name": "i2",
      "provider_name": "registry.terraform.io/hashicorp/aws",
      "change": {
        "actions": [
          "create"
        ],
        "before": null,
        "after": {
          "ami": "ami-0744c1fc56cc1c3e6",
          "credit_specification": [],
          "disable_api_termination": null,
          "ebs_optimized": null,
          "get_password_data": false,
          "hibernation": null,
          "iam_instance_profile": null,
          "instance_initiated_shutdown_behavior": null,
          "instance_type": "c5.large",
          "monitoring": null,
          "source_dest_check": true,
          "tags": null,
          "tenancy": "dedicated",
          "timeouts": null,
          "user_data": null,
          "user_data_base64": null,
          "volume_tags": null
        },
        "after_unknown": {
          "arn": true,
          "associate_public_ip_address": true,
          "availability_zone": true,
          "cpu_core_count": true,
          "cpu_threads_per_core": true,
          "credit_specification": [],
          "ebs_block_device": true,
          "enclave_options": true,
          "ephemeral_block_device": true,
          "host_id": true,
          "id": true,
          "instance_state": true,
          "ipv6_address_count": true,
          "ipv6_addresses": true,
          "key_name": true,
          "metadata_options": true,
          "network_interface": true,
          "outpost_arn": true,
          "password_data": true,
          "placement_group": true,
          "primary_network_interface_id": true,
          "private_dns": true,
          "private_ip": true,
          "public_dns": true,
          "public_ip": true,
          "root_block_device": true,
          "secondary_private_ips": true,
          "security_groups": true,
          "subnet_id": true,
          "vpc_security_group_ids": true
        }
      }
    },
    {
      "address": "aws_instance.i3",
      "mode": "managed",
      "type": "aws_instance",
      "name": "i3",
      "provider_name": "registry.terraform.io/hashicorp/aws",
      "change": {
        "actions": [
          "create"
        ],
        "before": null,
        "after": {
          "ami": "ami-0744c1fc56cc1c3e6",
          "credit_specification": [],
          "disable_api_termination": null,
          "ebs_block_device": [
            {
              "delete_on_termination": true,
              "device_name": "xvfa",
              "tags": null,
              "volume_size": 10
            },
            {
              "delete_on_termination": true,
              "device_name": "xvfb",
              "tags": null,
              "volume_size": 20,
              "volume_type": "sc1"
            },
            {
              "delete_on_termination": true,
              "device_name": "xvfc",
              "tags": null,
              "volume_size": 30,
              "volume_type": "st1"
            },
            {
              "delete_on_termination": true,
              "device_name": "xvfd",
              "tags": null,
              "volume_size": 40,
              "volume_type": "gp3"
            },
            {
              "delete_on_termination": true,
              "device_name": "xvfe",
              "iops": 2000,
              "tags": null,
              "volume_size": 50,
              "volume_type": "io1"
            }
          ],
          "ebs_optimized": null,
          "get_password_data": false,
          "hibernation": null,
          "iam_instance_profile": null,
          "instance_initiated_shutdown_behavior": null,
          "instance_type": "c5.xlarge",
          "monitoring": null,
          "root_block_device": [
            {
              "delete_on_termination": true,
              "iops": 220,
              "tags": null,
              "volume_type": "io1"
            }
          ],
          "source_dest_check": true,
          "tags": null,
          "tenancy": "dedicated",
          "timeouts": null,
          "user_data": null,
          "user_data_base64": null,
          "volume_tags": null
        },
        "after_unknown": {
          "arn": true,
          "associate_public_ip_address": true,
          "availability_zone": true,
          "cpu_core_count": true,
          "cpu_threads_per_core": true,
          "credit_specification": [],
          "ebs_block_device": [
            {
              "encrypted": true,
              "iops": true,
              "kms_key_id": true,
              "snapshot_id": true,
              "throughput": true,
              "volume_id": true,
              "volume_type": true
            },
            {
              "encrypted": true,
              "iops": true,
              "kms_key_id": true,
              "snapshot_id": true,
              "throughput": true,
              "volume_id": true
            },
            {
              "encrypted": true,
              "iops": true,
              "kms_key_id": true,
              "snapshot_id": true,
              "throughput": true,
              "volume_id": true
            },
            {
              "encrypted": true,
              "iops": true,
              "kms_key_id": true,
              "snapshot_id": true,
              "throughput": true,
              "volume_id": true
            },
            {
              "encrypted": true,
              "kms_key_id": true,
              "snapshot_id": true,
              "throughput": true,
              "volume_id": true
            }
          ],
          "enclave_options": true,
          "ephemeral_block_device": true,
          "host_id": true,
          "id": true,
          "instance_state": true,
          "ipv6_address_count": true,
          "ipv6_addresses": true,
          "key_name": true,
          "metadata_options": true,
          "network_interface": true,
          "outpost_arn": true,
          "password_data": true,
          "placement_group": true,
          "primary_network_interface_id": true,
          "private_dns": true,
          "private_ip": true,
          "public_dns": true,
          "public_ip": true,
          "root_block_device": [
            {
              "device_name": true,
              "encrypted": true,
              "kms_key_id": true,
              "throughput": true,
              "volume_id": true,
              "volume_size": true
            }
          ],
          "secondary_private_ips": true,
          "security_groups": true,
          "subnet_id": true,
          "vpc_security_group_ids": true
        }
      }
    },
    {
      "address": "aws_lb.alb1",
      "mode": "managed",
      "type": "aws_lb",
      "name": "alb1",
      "provider_name": "registry.terraform.io/hashicorp/aws",
      "change": {
        "actions": [
          "create"
        ],
        "before": null,
        "after": {
          "access_logs": [],
          "customer_owned_ipv4_pool": null,
          "drop_invalid_header_fields": false,
          "enable_cross_zone_load_balancing": null,
          "enable_deletion_protection": false,
          "enable_http2": true,
          "idle_timeout": 60,
          "load_balancer_type": "application",
          "name_prefix": null,
          "subnets": [
            "subnet-6fe3d837",
            "subnet-9211eef5",
            "subnet-e29d66ab"
          ],
          "tags": null,
          "timeouts": null
        },
        "after_unknown": {
          "access_logs": [],
          "arn": true,
          "arn_suffix": true,
          "dns_name": true,
          "id": true,
          "internal": true,
          "ip_address_type": true,
          "name": true,
          "security_groups": true,
          "subnet_mapping": true,
          "subnets": [
            false,
            false,
            false
          ],
          "vpc_id": true,
          "zone_id": true
        }
      }
    },
    {
      "address": "aws_lb.nlb",
      "mode": "managed",
      "type": "aws_lb",
      "name": "nlb",
      "provider_name": "registry.terraform.io/hashicorp/aws",
      "change": {
        "actions": [
          "create"
        ],
        "before": null,
        "after": {
          "access_logs": [],
          "customer_owned_ipv4_pool": null,
          "drop_invalid_header_fields": null,
          "enable_cross_zone_load_balancing": false,
          "enable_deletion_protection": false,
          "enable_http2": null,
          "idle_timeout": null,
          "load_balancer_type": "network",
          "name_prefix": null,
          "subnets": [
            "subnet-6fe3d837",
            "subnet-9211eef5",
            "subnet-e29d66ab"
          ],
          "tags": null,
          "timeouts": null
        },
        "after_unknown": {
          "access_logs": [],
          "arn": true,
          "arn_suffix": true,
          "dns_name": true,
          "id": true,
          "internal": true,
          "ip_address_type": true,
          "name": true,
          "security_groups": true,
          "subnet_mapping": true,
          "subnets": [
            false,
            false,
            false
          ],
          "vpc_id": true,
          "zone_id": true
        }
      }
    },
    {
      "address": "aws_lb.undefined_type",
      "mode": "managed",
      "type": "aws_lb",
      "name": "undefined_type",
      "provider_name": "registry.terraform.io/hashicorp/aws",
      "change": {
        "actions": [
          "create"
        ],
        "before": null,
        "after": {
          "access_logs": [],
          "customer_owned_ipv4_pool": null,
          "drop_invalid_header_fields": false,
          "enable_cross_zone_load_balancing": null,
          "enable_deletion_protection": false,
          "enable_http2": true,
          "idle_timeout": 60,
          "load_balancer_type": "application",
          "name_prefix": null,
          "subnets": [
            "subnet-6fe3d837",
            "subnet-9211eef5",
            "subnet-e29d66ab"
          ],
          "tags": null,
          "timeouts": null
        },
        "after_unknown": {
          "access_logs": [],
          "arn": true,
          "arn_suffix": true,
          "dns_name": true,
          "id": true,
          "internal": true,
          "ip_address_type": true,
          "name": true,
          "security_groups": true,
          "subnet_mapping": true,
          "subnets": [
            false,
            false,
            false
          ],
          "vpc_id": true,
          "zone_id": true
        }
      }
    },
    {
      "address": "aws_nat_gateway.nat",
      "mode": "managed",
      "type": "aws_nat_gateway",
      "name": "nat",
      "provider_name": "registry.terraform.io/hashicorp/aws",
      "change": {
        "actions": [
          "create"
        ],
        "before": null,
        "after": {
          "subnet_id": "subnet-6fe3d837",
          "tags": null
        },
        "after_unknown": {
          "allocation_id": true,
          "id": true,
          "network_interface_id": true,
          "private_ip": true,
          "public_ip": true
        }
      }
    },
    {
      "address": "aws_redshift_cluster.r1",
      "mode": "managed",
      "type": "aws_redshift_cluster",
      "name": "r1",
      "provider_name": "registry.terraform.io/hashicorp/aws",
      "change": {
        "actions": [
          "create"
        ],
        "before": null,
        "after": {
          "allow_version_upgrade": true,
          "automated_snapshot_retention_period": 1,
          "cluster_identifier": "redshift-cluster1",
          "cluster_version": "1.0",
          "elastic_ip": null,
          "encrypted": false,
          "final_snapshot_identifier": null,
          "logging": [],
          "master_password": null,
          "master_username": null,
          "node_type": "dc2.large",
          "number_of_nodes": 1,
          "owner_account": null,
          "port": 5439,
          "publicly_accessible": true,
          "skip_final_snapshot": false,
          "snapshot_cluster_identifier": null,
          "snapshot_copy": [],
          "snapshot_identifier": null,
          "tags": null,
          "timeouts": null
        },
        "after_unknown": {
          "arn": true,
          "availability_zone": true,
          "cluster_parameter_group_name": true,
          "cluster_public_key": true,
          "cluster_revision_number": true,
          "cluster_security_groups": true,
          "cluster_subnet_group_name": true,
          "cluster_type": true,
          "database_name": true,
          "dns_name": true,
          "endpoint": true,
          "enhanced_vpc_routing": true,
          "iam_roles": true,
          "id": true,
          "kms_key_id": true,
          "logging": [],
          "preferred_maintenance_window": true,
          "snapshot_copy": [],
          "vpc_security_group_ids": true
        }
      }
    },
    {
      "address": "aws_redshift_cluster.r2",
      "mode": "managed",
      "type": "aws_redshift_cluster",
      "name": "r2",
      "provider_name": "registry.terraform.io/hashicorp/aws",
      "change": {
        "actions": [
          "create"
        ],
        "before": null,
        "after": {
          "allow_version_upgrade": true,
          "automated_snapshot_retention_period": 1,
          "cluster_identifier": "redshift-cluster2",
          "cluster_version": "1.0",
          "elastic_ip": null,
          "encrypted": false,
          "final_snapshot_identifier": null,
          "logging": [],
          "master_password": null,
          "master_username": null,
          "node_type": "ds2.8xlarge",
          "number_of_nodes": 3,
          "owner_account": null,
          "port": 5439,
          "publicly_accessible": true,
          "skip_final_snapshot": false,
          "snapshot_cluster_identifier": null,
          "snapshot_copy": [],
          "snapshot_identifier": null,
          "tags": null,
          "timeouts": null
        },
        "after_unknown": {
          "arn": true,
          "availability_zone": true,
          "cluster_parameter_group_name": true,
          "cluster_public_key": true,
          "cluster_revision_number": true,
          "cluster_security_groups": true,
          "cluster_subnet_group_name": true,
          "cluster_type": true,
          "database_name": true,
          "dns_name": true,
          "endpoint": true,
          "enhanced_vpc_routing": true,
          "iam_roles": true,
          "id": true,
          "kms_key_id": true,
          "logging": [],
          "preferred_maintenance_window": true,
          "snapshot_copy": [],
          "vpc_security_group_ids": true
        }
      }
    }
  ],
  "prior_state": {
    "format_version": "0.1",
    "terraform_version": "0.14.4",
    "values": {
      "root_module": {
        "resources": [
          {
            "address": "data.aws_ami.amazon_linux",
            "mode": "data",
            "type": "aws_ami",
            "name": "amazon_linux",
            "provider_name": "registry.terraform.io/hashicorp/aws",
            "schema_version": 0,
            "values": {
              "architecture": "x86_64",
              "arn": "arn:aws:ec2:eu-west-1::image/ami-0744c1fc56cc1c3e6",
              "block_device_mappings": [
                {
                  "device_name": "/dev/xvda",
                  "ebs": {
                    "delete_on_termination": "true",
                    "encrypted": "false",
                    "iops": "0",
                    "snapshot_id": "snap-05a42ba5477ed9fdd",
                    "throughput": "0",
                    "volume_size": "8",
                    "volume_type": "gp2"
                  },
                  "no_device": "",
                  "virtual_name": ""
                }
              ],
              "creation_date": "2020-12-22T07:12:40.000Z",
              "description": "Amazon Linux AMI 2018.03.0.20201209.1 x86_64 HVM gp2",
              "executable_users": null,
              "filter": [
                {
                  "name": "name",
                  "values": [
                    "amzn-ami-hvm-*-x86_64-gp2"
                  ]
                },
                {
                  "name": "owner-alias",
                  "values": [
                    "amazon"
                  ]
                }
              ],
              "hypervisor": "xen",
              "id": "ami-0744c1fc56cc1c3e6",
              "image_id": "ami-0744c1fc56cc1c3e6",
              "image_location": "amazon/amzn-ami-hvm-2018.03.0.20201209.1-x86_64-gp2",
              "image_owner_alias": "amazon",
              "image_type": "machine",
              "kernel_id": null,
              "most_recent": true,
              "name": "amzn-ami-hvm-2018.03.0.20201209.1-x86_64-gp2",
              "name_regex": null,
              "owner_id": "137112412989",
              "owners": [
                "amazon"
              ],
              "platform": null,
              "product_codes": [],
              "public": true,
              "ramdisk_id": null,
              "root_device_name": "/dev/xvda",
              "root_device_type": "ebs",
              "root_snapshot_id": "snap-05a42ba5477ed9fdd",
              "sriov_net_support": "simple",
              "state": "available",
              "state_reason": {
                "code": "UNSET",
                "message": "UNSET"
              },
              "tags": {},
              "virtualization_type": "hvm"
            }
          },
          {
            "address": "data.aws_subnet_ids.all",
            "mode": "data",
            "type": "aws_subnet_ids",
            "name": "all",
            "provider_name": "registry.terraform.io/hashicorp/aws",
            "schema_version": 0,
            "values": {
              "filter": null,
              "id": "vpc-9651acf1",
              "ids": [
                "subnet-6fe3d837",
                "subnet-9211eef5",
                "subnet-e29d66ab"
              ],
              "tags": null,
              "vpc_id": "vpc-9651acf1"
            }
          },
          {
            "address": "data.aws_vpc.default",
            "mode": "data",
            "type": "aws_vpc",
            "name": "default",
            "provider_name": "registry.terraform.io/hashicorp/aws",
            "schema_version": 0,
            "values": {
              "arn": "arn:aws:ec2:eu-west-1:835367859851:vpc/vpc-9651acf1",
              "cidr_block": "172.31.0.0/16",
              "cidr_block_associations": [
                {
                  "association_id": "vpc-cidr-assoc-1f505176",
                  "cidr_block": "172.31.0.0/16",
                  "state": "associated"
                }
              ],
              "default": true,
              "dhcp_options_id": "dopt-9582cff1",
              "enable_dns_hostnames": true,
              "enable_dns_support": true,
              "filter": null,
              "id": "vpc-9651acf1",
              "instance_tenancy": "default",
              "ipv6_association_id": null,
              "ipv6_cidr_block": null,
              "main_route_table_id": "rtb-852956e2",
              "owner_id": "835367859851",
              "state": "available",
              "tags": {
                "Name": "default"
              }
            }
          }
        ]
      }
    }
  },
  "configuration": {
    "provider_config": {
      "aws": {
        "name": "aws",
        "expressions": {
          "region": {
            "constant_value": "eu-west-1"
          }
        }
      }
    },
    "root_module": {
      "resources": [
        {
          "address": "aws_alb.alb2",
          "mode": "managed",
          "type": "aws_alb",
          "name": "alb2",
          "provider_config_key": "aws",
          "expressions": {
            "load_balancer_type": {
              "constant_value": "application"
            },
            "subnets": {
              "references": [
                "data.aws_subnet_ids.all"
              ]
            }
          },
          "schema_version": 0
        },
        {
          "address": "aws_db_instance.d1",
          "mode": "managed",
          "type": "aws_db_instance",
          "name": "d1",
          "provider_config_key": "aws",
          "expressions": {
            "engine": {
              "constant_value": "mysql"
            },
            "instance_class": {
              "constant_value": "db.t3.large"
            }
          },
          "schema_version": 1
        },
        {
          "address": "aws_db_instance.d10",
          "mode": "managed",
          "type": "aws_db_instance",
          "name": "d10",
          "provider_config_key": "aws",
          "expressions": {
            "allocated_storage": {
              "constant_value": 40
            },
            "engine": {
              "constant_value": "mariadb"
            },
            "instance_class": {
              "constant_value": "db.t3.large"
            },
            "storage_type": {
              "constant_value": "gp2"
            }
          },
          "schema_version": 1
        },
        {
          "address": "aws_db_instance.d2",
          "mode": "managed",
          "type": "aws_db_instance",
          "name": "d2",
          "provider_config_key": "aws",
          "expressions": {
            "allocated_storage": {
              "constant_value": 20
            },
            "engine": {
              "constant_value": "mysql"
            },
            "instance_class": {
              "constant_value": "db.t3.small"
            },
            "iops": {
              "constant_value": 230
            },
            "storage_type": {
              "constant_value": "io1"
            }
          },
          "schema_version": 1
        },
        {
          "address": "aws_db_instance.d3",
          "mode": "managed",
          "type": "aws_db_instance",
          "name": "d3",
          "provider_config_key": "aws",
          "expressions": {
            "allocated_storage": {
              "constant_value": 10
            },
            "engine": {
              "constant_value": "postgres"
            },
            "instance_class": {
              "constant_value": "db.t3.small"
            },
            "storage_type": {
              "constant_value": "gp2"
            }
          },
          "schema_version": 1
        },
        {
          "address": "aws_db_instance.d4",
          "mode": "managed",
          "type": "aws_db_instance",
          "name": "d4",
          "provider_config_key": "aws",
          "expressions": {
            "allocated_storage": {
              "constant_value": 10
            },
            "engine": {
              "constant_value": "postgres"
            },
            "instance_class": {
              "constant_value": "db.t3.small"
            },
            "multi_az": {
              "constant_value": true
            },
            "storage_type": {
              "constant_value": "gp2"
            }
          },
          "schema_version": 1
        },
        {
          "address": "aws_db_instance.d5",
          "mode": "managed",
          "type": "aws_db_instance",
          "name": "d5",
          "provider_config_key": "aws",
          "expressions": {
            "allocated_storage": {
              "constant_value": 30
            },
            "engine": {
              "constant_value": "sqlserver-ex"
            },
            "instance_class": {
              "constant_value": "db.t3.medium"
            },
            "storage_type": {
              "constant_value": "gp2"
            }
          },
          "schema_version": 1
        },
        {
          "address": "aws_db_instance.d6",
          "mode": "managed",
          "type": "aws_db_instance",
          "name": "d6",
          "provider_config_key": "aws",
          "expressions": {
            "allocated_storage": {
              "constant_value": 30
            },
            "engine": {
              "constant_value": "sqlserver-ee"
            },
            "instance_class": {
              "constant_value": "db.r5.xlarge"
            },
            "storage_type": {
              "constant_value": "gp2"
            }
          },
          "schema_version": 1
        },
        {
          "address": "aws_db_instance.d7",
          "mode": "managed",
          "type": "aws_db_instance",
          "name": "d7",
          "provider_config_key": "aws",
          "expressions": {
            "allocated_storage": {
              "constant_value": 30
            },
            "engine": {
              "constant_value": "sqlserver-se"
            },
            "instance_class": {
              "constant_value": "db.r5.xlarge"
            },
            "storage_type": {
              "constant_value": "gp2"
            }
          },
          "schema_version": 1
        },
        {
          "address": "aws_db_instance.d8",
          "mode": "managed",
          "type": "aws_db_instance",
          "name": "d8",
          "provider_config_key": "aws",
          "expressions": {
            "allocated_storage": {
              "constant_value": 30
            },
            "engine": {
              "constant_value": "sqlserver-web"
            },
            "instance_class": {
              "constant_value": "db.r5.xlarge"
            },
            "storage_type": {
              "constant_value": "gp2"
            }
          },
          "schema_version": 1
        },
        {
          "address": "aws_db_instance.d9",
          "mode": "managed",
          "type": "aws_db_instance",
          "name": "d9",
          "provider_config_key": "aws",
          "expressions": {
            "allocated_storage": {
              "constant_value": 40
            },
            "engine": {
              "constant_value": "oracle-ee"
            },
            "instance_class": {
              "constant_value": "db.t3.large"
            },
            "storage_type": {
              "constant_value": "gp2"
            }
          },
          "schema_version": 1
        },
        {
          "address": "aws_ebs_snapshot.s1",
          "mode": "managed",
          "type": "aws_ebs_snapshot",
          "name": "s1",
          "provider_config_key": "aws",
          "expressions": {
            "volume_id": {
              "references": [
                "aws_ebs_volume.v4"
              ]
            }
          },
          "schema_version": 0
        },
        {
          "address": "aws_ebs_snapshot_copy.sc1",
          "mode": "managed",
          "type": "aws_ebs_snapshot_copy",
          "name": "sc1",
          "provider_config_key": "aws",
          "expressions": {
            "source_region": {
              "constant_value": "eu-west-1"
            },
            "source_snapshot_id": {
              "references": [
                "aws_ebs_snapshot.s1"
              ]
            }
          },
          "schema_version": 0
        },
        {
          "address": "aws_ebs_volume.v1",
          "mode": "managed",
          "type": "aws_ebs_volume",
          "name": "v1",
          "provider_config_key": "aws",
          "expressions": {
            "availability_zone": {
              "constant_value": "eu-west-1a"
            },
            "size": {
              "constant_value": 10
            }
          },
          "schema_version": 0
        },
        {
          "address": "aws_ebs_volume.v2",
          "mode": "managed",
          "type": "aws_ebs_volume",
          "name": "v2",
          "provider_config_key": "aws",
          "expressions": {
            "availability_zone": {
              "constant_value": "eu-west-1a"
            },
            "snapshot_id": {
              "constant_value": "snapshot-123456"
            }
          },
          "schema_version": 0
        },
        {
          "address": "aws_ebs_volume.v3",
          "mode": "managed",
          "type": "aws_ebs_volume",
          "name": "v3",
          "provider_config_key": "aws",
          "expressions": {
            "availability_zone": {
              "constant_value": "eu-west-1a"
            },
            "size": {
              "constant_value": 30
            },
            "type": {
              "constant_value": "sc1"
            }
          },
          "schema_version": 0
        },
        {
          "address": "aws_ebs_volume.v4",
          "mode": "managed",
          "type": "aws_ebs_volume",
          "name": "v4",
          "provider_config_key": "aws",
          "expressions": {
            "availability_zone": {
              "constant_value": "eu-west-1a"
            },
            "iops": {
              "constant_value": 100
            },
            "size": {
              "constant_value": 50
            },
            "type": {
              "constant_value": "io2"
            }
          },
          "schema_version": 0
        },
        {
          "address": "aws_ebs_volume.v5",
          "mode": "managed",
          "type": "aws_ebs_volume",
          "name": "v5",
          "provider_config_key": "aws",
          "expressions": {
            "availability_zone": {
              "constant_value": "eu-west-1a"
            },
            "size": {
              "constant_value": 20
            },
            "type": {
              "constant_value": "gp3"
            }
          },
          "schema_version": 0
        },
        {
          "address": "aws_ebs_volume.v6",
          "mode": "managed",
          "type": "aws_ebs_volume",
          "name": "v6",
          "provider_config_key": "aws",
          "expressions": {
            "availability_zone": {
              "constant_value": "eu-west-1a"
            },
            "size": {
              "constant_value": 50
            },
            "type": {
              "constant_value": "gp2"
            }
          },
          "schema_version": 0
        },
        {
          "address": "aws_ebs_volume.v7",
          "mode": "managed",
          "type": "aws_ebs_volume",
          "name": "v7",
          "provider_config_key": "aws",
          "expressions": {
            "availability_zone": {
              "constant_value": "eu-west-1a"
            },
            "iops": {
              "constant_value": 150
            },
            "size": {
              "constant_value": 100
            },
            "type": {
              "constant_value": "io1"
            }
          },
          "schema_version": 0
        },
        {
          "address": "aws_ebs_volume.v8",
          "mode": "managed",
          "type": "aws_ebs_volume",
          "name": "v8",
          "provider_config_key": "aws",
          "expressions": {
            "availability_zone": {
              "constant_value": "eu-west-1a"
            },
            "size": {
              "constant_value": 100
            },
            "type": {
              "constant_value": "st1"
            }
          },
          "schema_version": 0
        },
        {
          "address": "aws_eip.nat",
          "mode": "managed",
          "type": "aws_eip",
          "name": "nat",
          "provider_config_key": "aws",
          "expressions": {
            "vpc": {
              "constant_value": true
            }
          },
          "schema_version": 0
        },
        {
          "address": "aws_elb.elb",
          "mode": "managed",
          "type": "aws_elb",
          "name": "elb",
          "provider_config_key": "aws",
          "expressions": {
            "listener": [
              {
                "instance_port": {
                  "constant_value": 80
                },
                "instance_protocol": {
                  "constant_value": "HTTP"
                },
                "lb_port": {
                  "constant_value": 80
                },
                "lb_protocol": {
                  "constant_value": "HTTP"
                }
              }
            ],
            "subnets": {
              "references": [
                "data.aws_subnet_ids.all"
              ]
            }
          },
          "schema_version": 0
        },
        {
          "address": "aws_instance.i1",
          "mode": "managed",
          "type": "aws_instance",
          "name": "i1",
          "provider_config_key": "aws",
          "expressions": {
            "ami": {
              "references": [
                "data.aws_ami.amazon_linux"
              ]
            },
            "instance_type": {
              "constant_value": "t3.small"
            }
          },
          "schema_version": 1
        },
        {
          "address": "aws_instance.i2",
          "mode": "managed",
          "type": "aws_instance",
          "name": "i2",
          "provider_config_key": "aws",
          "expressions": {
            "ami": {
              "references": [
                "data.aws_ami.amazon_linux"
              ]
            },
            "instance_type": {
              "constant_value": "c5.large"
            },
            "tenancy": {
              "constant_value": "dedicated"
            }
          },
          "schema_version": 1
        },
        {
          "address": "aws_instance.i3",
          "mode": "managed",
          "type": "aws_instance",
          "name": "i3",
          "provider_config_key": "aws",
          "expressions": {
            "ami": {
              "references": [
                "data.aws_ami.amazon_linux"
              ]
            },
            "ebs_block_device": [
              {
                "device_name": {
                  "constant_value": "xvfa"
                },
                "volume_size": {
                  "constant_value": 10
                }
              },
              {
                "device_name": {
                  "constant_value": "xvfb"
                },
                "volume_size": {
                  "constant_value": 20
                },
                "volume_type": {
                  "constant_value": "sc1"
                }
              },
              {
                "device_name": {
                  "constant_value": "xvfc"
                },
                "volume_size": {
                  "constant_value": 30
                },
                "volume_type": {
                  "constant_value": "st1"
                }
              },
              {
                "device_name": {
                  "constant_value": "xvfd"
                },
                "volume_size": {
                  "constant_value": 40
                },
                "volume_type": {
                  "constant_value": "gp3"
                }
              },
              {
                "device_name": {
                  "constant_value": "xvfe"
                },
                "iops": {
                  "constant_value": 100
                },
                "volume_size": {
                  "constant_value": 40
                },
                "volume_type": {
                  "constant_value": "gp3"
                }
              },
              {
                "device_name": {
                  "constant_value": "xvfe"
                },
                "iops": {
                  "constant_value": 2000
                },
                "volume_size": {
                  "constant_value": 50
                },
                "volume_type": {
                  "constant_value": "io1"
                }
              }
            ],
            "instance_type": {
              "constant_value": "c5.xlarge"
            },
            "root_block_device": [
              {
                "iops": {
                  "constant_value": 220
                },
                "volume_type": {
                  "constant_value": "io1"
                }
              }
            ],
            "tenancy": {
              "constant_value": "dedicated"
            }
          },
          "schema_version": 1
        },
        {
          "address": "aws_lb.alb1",
          "mode": "managed",
          "type": "aws_lb",
          "name": "alb1",
          "provider_config_key": "aws",
          "expressions": {
            "load_balancer_type": {
              "constant_value": "application"
            },
            "subnets": {
              "references": [
                "data.aws_subnet_ids.all"
              ]
            }
          },
          "schema_version": 0
        },
        {
          "address": "aws_lb.nlb",
          "mode": "managed",
          "type": "aws_lb",
          "name": "nlb",
          "provider_config_key": "aws",
          "expressions": {
            "load_balancer_type": {
              "constant_value": "network"
            },
            "subnets": {
              "references": [
                "data.aws_subnet_ids.all"
              ]
            }
          },
          "schema_version": 0
        },
        {
          "address": "aws_lb.undefined_type",
          "mode": "managed",
          "type": "aws_lb",
          "name": "undefined_type",
          "provider_config_key": "aws",
          "expressions": {
            "subnets": {
              "references": [
                "data.aws_subnet_ids.all"
              ]
            }
          },
          "schema_version": 0
        },
        {
          "address": "aws_nat_gateway.nat",
          "mode": "managed",
          "type": "aws_nat_gateway",
          "name": "nat",
          "provider_config_key": "aws",
          "expressions": {
            "allocation_id": {
              "references": [
                "aws_eip.nat"
              ]
            },
            "subnet_id": {
              "references": [
                "data.aws_subnet_ids.all"
              ]
            }
          },
          "schema_version": 0
        },
        {
          "address": "aws_redshift_cluster.r1",
          "mode": "managed",
          "type": "aws_redshift_cluster",
          "name": "r1",
          "provider_config_key": "aws",
          "expressions": {
            "cluster_identifier": {
              "constant_value": "redshift-cluster1"
            },
            "node_type": {
              "constant_value": "dc2.large"
            }
          },
          "schema_version": 0
        },
        {
          "address": "aws_redshift_cluster.r2",
          "mode": "managed",
          "type": "aws_redshift_cluster",
          "name": "r2",
          "provider_config_key": "aws",
          "expressions": {
            "cluster_identifier": {
              "constant_value": "redshift-cluster2"
            },
            "node_type": {
              "constant_value": "ds2.8xlarge"
            },
            "number_of_nodes": {
              "constant_value": 3
            }
          },
          "schema_version": 0
        },
        {
          "address": "data.aws_ami.amazon_linux",
          "mode": "data",
          "type": "aws_ami",
          "name": "amazon_linux",
          "provider_config_key": "aws",
          "expressions": {
            "filter": [
              {
                "name": {
                  "constant_value": "name"
                },
                "values": {
                  "constant_value": [
                    "amzn-ami-hvm-*-x86_64-gp2"
                  ]
                }
              },
              {
                "name": {
                  "constant_value": "owner-alias"
                },
                "values": {
                  "constant_value": [
                    "amazon"
                  ]
                }
              }
            ],
            "most_recent": {
              "constant_value": true
            },
            "owners": {
              "constant_value": [
                "amazon"
              ]
            }
          },
          "schema_version": 0
        },
        {
          "address": "data.aws_subnet_ids.all",
          "mode": "data",
          "type": "aws_subnet_ids",
          "name": "all",
          "provider_config_key": "aws",
          "expressions": {
            "vpc_id": {
              "references": [
                "data.aws_vpc.default"
              ]
            }
          },
          "schema_version": 0
        },
        {
          "address": "data.aws_vpc.default",
          "mode": "data",
          "type": "aws_vpc",
          "name": "default",
          "provider_config_key": "aws",
          "expressions": {
            "default": {
              "constant_value": true
            }
          },
          "schema_version": 0
        }
      ]
    }
  }
}
